// !$*UTF8*$!
{
	archiveVersion = 1;
	classes = {
	};
	objectVersion = 56;
	objects = {

/* Begin PBXBuildFile section */
		424B12E729BBE4DF00462C22 /* Lab2_3_App.swift in Sources */ = {isa = PBXBuildFile; fileRef = 424B12E629BBE4DF00462C22 /* Lab2_3_App.swift */; };
		424B12E929BBE4DF00462C22 /* ContentView.swift in Sources */ = {isa = PBXBuildFile; fileRef = 424B12E829BBE4DF00462C22 /* ContentView.swift */; };
		424B12EB29BBE4E000462C22 /* Assets.xcassets in Resources */ = {isa = PBXBuildFile; fileRef = 424B12EA29BBE4E000462C22 /* Assets.xcassets */; };
		424B12EE29BBE4E000462C22 /* Preview Assets.xcassets in Resources */ = {isa = PBXBuildFile; fileRef = 424B12ED29BBE4E000462C22 /* Preview Assets.xcassets */; };
		424B12F829BBE4E000462C22 /* Lab2_3_Tests.swift in Sources */ = {isa = PBXBuildFile; fileRef = 424B12F729BBE4E000462C22 /* Lab2_3_Tests.swift */; };
		424B130229BBE4E000462C22 /* Lab2_3_UITests.swift in Sources */ = {isa = PBXBuildFile; fileRef = 424B130129BBE4E000462C22 /* Lab2_3_UITests.swift */; };
		424B130429BBE4E000462C22 /* Lab2_3_UITestsLaunchTests.swift in Sources */ = {isa = PBXBuildFile; fileRef = 424B130329BBE4E000462C22 /* Lab2_3_UITestsLaunchTests.swift */; };
/* End PBXBuildFile section */

/* Begin PBXContainerItemProxy section */
		424B12F429BBE4E000462C22 /* PBXContainerItemProxy */ = {
			isa = PBXContainerItemProxy;
			containerPortal = 424B12DB29BBE4DF00462C22 /* Project object */;
			proxyType = 1;
			remoteGlobalIDString = 424B12E229BBE4DF00462C22;
			remoteInfo = Lab2_3_;
		};
		424B12FE29BBE4E000462C22 /* PBXContainerItemProxy */ = {
			isa = PBXContainerItemProxy;
			containerPortal = 424B12DB29BBE4DF00462C22 /* Project object */;
			proxyType = 1;
			remoteGlobalIDString = 424B12E229BBE4DF00462C22;
			remoteInfo = Lab2_3_;
		};
/* End PBXContainerItemProxy section */

/* Begin PBXFileReference section */
		424B12E329BBE4DF00462C22 /* Lab2_3_.app */ = {isa = PBXFileReference; explicitFileType = wrapper.application; includeInIndex = 0; path = Lab2_3_.app; sourceTree = BUILT_PRODUCTS_DIR; };
		424B12E629BBE4DF00462C22 /* Lab2_3_App.swift */ = {isa = PBXFileReference; lastKnownFileType = sourcecode.swift; path = Lab2_3_App.swift; sourceTree = "<group>"; };
		424B12E829BBE4DF00462C22 /* ContentView.swift */ = {isa = PBXFileReference; lastKnownFileType = sourcecode.swift; path = ContentView.swift; sourceTree = "<group>"; };
		424B12EA29BBE4E000462C22 /* Assets.xcassets */ = {isa = PBXFileReference; lastKnownFileType = folder.assetcatalog; path = Assets.xcassets; sourceTree = "<group>"; };
		424B12ED29BBE4E000462C22 /* Preview Assets.xcassets */ = {isa = PBXFileReference; lastKnownFileType = folder.assetcatalog; path = "Preview Assets.xcassets"; sourceTree = "<group>"; };
		424B12F329BBE4E000462C22 /* Lab2_3_Tests.xctest */ = {isa = PBXFileReference; explicitFileType = wrapper.cfbundle; includeInIndex = 0; path = Lab2_3_Tests.xctest; sourceTree = BUILT_PRODUCTS_DIR; };
		424B12F729BBE4E000462C22 /* Lab2_3_Tests.swift */ = {isa = PBXFileReference; lastKnownFileType = sourcecode.swift; path = Lab2_3_Tests.swift; sourceTree = "<group>"; };
		424B12FD29BBE4E000462C22 /* Lab2_3_UITests.xctest */ = {isa = PBXFileReference; explicitFileType = wrapper.cfbundle; includeInIndex = 0; path = Lab2_3_UITests.xctest; sourceTree = BUILT_PRODUCTS_DIR; };
		424B130129BBE4E000462C22 /* Lab2_3_UITests.swift */ = {isa = PBXFileReference; lastKnownFileType = sourcecode.swift; path = Lab2_3_UITests.swift; sourceTree = "<group>"; };
		424B130329BBE4E000462C22 /* Lab2_3_UITestsLaunchTests.swift */ = {isa = PBXFileReference; lastKnownFileType = sourcecode.swift; path = Lab2_3_UITestsLaunchTests.swift; sourceTree = "<group>"; };
/* End PBXFileReference section */

/* Begin PBXFrameworksBuildPhase section */
		424B12E029BBE4DF00462C22 /* Frameworks */ = {
			isa = PBXFrameworksBuildPhase;
			buildActionMask = 2147483647;
			files = (
			);
			runOnlyForDeploymentPostprocessing = 0;
		};
		424B12F029BBE4E000462C22 /* Frameworks */ = {
			isa = PBXFrameworksBuildPhase;
			buildActionMask = 2147483647;
			files = (
			);
			runOnlyForDeploymentPostprocessing = 0;
		};
		424B12FA29BBE4E000462C22 /* Frameworks */ = {
			isa = PBXFrameworksBuildPhase;
			buildActionMask = 2147483647;
			files = (
			);
			runOnlyForDeploymentPostprocessing = 0;
		};
/* End PBXFrameworksBuildPhase section */

/* Begin PBXGroup section */
		424B12DA29BBE4DF00462C22 = {
			isa = PBXGroup;
			children = (
				424B12E529BBE4DF00462C22 /* Lab2_3_ */,
				424B12F629BBE4E000462C22 /* Lab2_3_Tests */,
				424B130029BBE4E000462C22 /* Lab2_3_UITests */,
				424B12E429BBE4DF00462C22 /* Products */,
			);
			sourceTree = "<group>";
		};
		424B12E429BBE4DF00462C22 /* Products */ = {
			isa = PBXGroup;
			children = (
				424B12E329BBE4DF00462C22 /* Lab2_3_.app */,
				424B12F329BBE4E000462C22 /* Lab2_3_Tests.xctest */,
				424B12FD29BBE4E000462C22 /* Lab2_3_UITests.xctest */,
			);
			name = Products;
			sourceTree = "<group>";
		};
		424B12E529BBE4DF00462C22 /* Lab2_3_ */ = {
			isa = PBXGroup;
			children = (
				424B12E629BBE4DF00462C22 /* Lab2_3_App.swift */,
				424B12E829BBE4DF00462C22 /* ContentView.swift */,
				424B12EA29BBE4E000462C22 /* Assets.xcassets */,
				424B12EC29BBE4E000462C22 /* Preview Content */,
			);
			path = Lab2_3_;
			sourceTree = "<group>";
		};
		424B12EC29BBE4E000462C22 /* Preview Content */ = {
			isa = PBXGroup;
			children = (
				424B12ED29BBE4E000462C22 /* Preview Assets.xcassets */,
			);
			path = "Preview Content";
			sourceTree = "<group>";
		};
		424B12F629BBE4E000462C22 /* Lab2_3_Tests */ = {
			isa = PBXGroup;
			children = (
				424B12F729BBE4E000462C22 /* Lab2_3_Tests.swift */,
			);
			path = Lab2_3_Tests;
			sourceTree = "<group>";
		};
		424B130029BBE4E000462C22 /* Lab2_3_UITests */ = {
			isa = PBXGroup;
			children = (
				424B130129BBE4E000462C22 /* Lab2_3_UITests.swift */,
				424B130329BBE4E000462C22 /* Lab2_3_UITestsLaunchTests.swift */,
			);
			path = Lab2_3_UITests;
			sourceTree = "<group>";
		};
/* End PBXGroup section */

/* Begin PBXNativeTarget section */
		424B12E229BBE4DF00462C22 /* Lab2_3_ */ = {
			isa = PBXNativeTarget;
			buildConfigurationList = 424B130729BBE4E000462C22 /* Build configuration list for PBXNativeTarget "Lab2_3_" */;
			buildPhases = (
				424B12DF29BBE4DF00462C22 /* Sources */,
				424B12E029BBE4DF00462C22 /* Frameworks */,
				424B12E129BBE4DF00462C22 /* Resources */,
			);
			buildRules = (
			);
			dependencies = (
			);
			name = Lab2_3_;
			productName = Lab2_3_;
			productReference = 424B12E329BBE4DF00462C22 /* Lab2_3_.app */;
			productType = "com.apple.product-type.application";
		};
		424B12F229BBE4E000462C22 /* Lab2_3_Tests */ = {
			isa = PBXNativeTarget;
			buildConfigurationList = 424B130A29BBE4E000462C22 /* Build configuration list for PBXNativeTarget "Lab2_3_Tests" */;
			buildPhases = (
				424B12EF29BBE4E000462C22 /* Sources */,
				424B12F029BBE4E000462C22 /* Frameworks */,
				424B12F129BBE4E000462C22 /* Resources */,
			);
			buildRules = (
			);
			dependencies = (
				424B12F529BBE4E000462C22 /* PBXTargetDependency */,
			);
			name = Lab2_3_Tests;
			productName = Lab2_3_Tests;
			productReference = 424B12F329BBE4E000462C22 /* Lab2_3_Tests.xctest */;
			productType = "com.apple.product-type.bundle.unit-test";
		};
		424B12FC29BBE4E000462C22 /* Lab2_3_UITests */ = {
			isa = PBXNativeTarget;
			buildConfigurationList = 424B130D29BBE4E000462C22 /* Build configuration list for PBXNativeTarget "Lab2_3_UITests" */;
			buildPhases = (
				424B12F929BBE4E000462C22 /* Sources */,
				424B12FA29BBE4E000462C22 /* Frameworks */,
				424B12FB29BBE4E000462C22 /* Resources */,
			);
			buildRules = (
			);
			dependencies = (
				424B12FF29BBE4E000462C22 /* PBXTargetDependency */,
			);
			name = Lab2_3_UITests;
			productName = Lab2_3_UITests;
			productReference = 424B12FD29BBE4E000462C22 /* Lab2_3_UITests.xctest */;
			productType = "com.apple.product-type.bundle.ui-testing";
		};
/* End PBXNativeTarget section */

/* Begin PBXProject section */
		424B12DB29BBE4DF00462C22 /* Project object */ = {
			isa = PBXProject;
			attributes = {
				BuildIndependentTargetsInParallel = 1;
				LastSwiftUpdateCheck = 1420;
				LastUpgradeCheck = 1420;
				TargetAttributes = {
					424B12E229BBE4DF00462C22 = {
						CreatedOnToolsVersion = 14.2;
					};
					424B12F229BBE4E000462C22 = {
						CreatedOnToolsVersion = 14.2;
						TestTargetID = 424B12E229BBE4DF00462C22;
					};
					424B12FC29BBE4E000462C22 = {
						CreatedOnToolsVersion = 14.2;
						TestTargetID = 424B12E229BBE4DF00462C22;
					};
				};
			};
			buildConfigurationList = 424B12DE29BBE4DF00462C22 /* Build configuration list for PBXProject "Lab2_3_" */;
			compatibilityVersion = "Xcode 14.0";
			developmentRegion = en;
			hasScannedForEncodings = 0;
			knownRegions = (
				en,
				Base,
			);
			mainGroup = 424B12DA29BBE4DF00462C22;
			productRefGroup = 424B12E429BBE4DF00462C22 /* Products */;
			projectDirPath = "";
			projectRoot = "";
			targets = (
				424B12E229BBE4DF00462C22 /* Lab2_3_ */,
				424B12F229BBE4E000462C22 /* Lab2_3_Tests */,
				424B12FC29BBE4E000462C22 /* Lab2_3_UITests */,
			);
		};
/* End PBXProject section */

/* Begin PBXResourcesBuildPhase section */
		424B12E129BBE4DF00462C22 /* Resources */ = {
			isa = PBXResourcesBuildPhase;
			buildActionMask = 2147483647;
			files = (
				424B12EE29BBE4E000462C22 /* Preview Assets.xcassets in Resources */,
				424B12EB29BBE4E000462C22 /* Assets.xcassets in Resources */,
			);
			runOnlyForDeploymentPostprocessing = 0;
		};
		424B12F129BBE4E000462C22 /* Resources */ = {
			isa = PBXResourcesBuildPhase;
			buildActionMask = 2147483647;
			files = (
			);
			runOnlyForDeploymentPostprocessing = 0;
		};
		424B12FB29BBE4E000462C22 /* Resources */ = {
			isa = PBXResourcesBuildPhase;
			buildActionMask = 2147483647;
			files = (
			);
			runOnlyForDeploymentPostprocessing = 0;
		};
/* End PBXResourcesBuildPhase section */

/* Begin PBXSourcesBuildPhase section */
		424B12DF29BBE4DF00462C22 /* Sources */ = {
			isa = PBXSourcesBuildPhase;
			buildActionMask = 2147483647;
			files = (
				424B12E929BBE4DF00462C22 /* ContentView.swift in Sources */,
				424B12E729BBE4DF00462C22 /* Lab2_3_App.swift in Sources */,
			);
			runOnlyForDeploymentPostprocessing = 0;
		};
		424B12EF29BBE4E000462C22 /* Sources */ = {
			isa = PBXSourcesBuildPhase;
			buildActionMask = 2147483647;
			files = (
				424B12F829BBE4E000462C22 /* Lab2_3_Tests.swift in Sources */,
			);
			runOnlyForDeploymentPostprocessing = 0;
		};
		424B12F929BBE4E000462C22 /* Sources */ = {
			isa = PBXSourcesBuildPhase;
			buildActionMask = 2147483647;
			files = (
				424B130229BBE4E000462C22 /* Lab2_3_UITests.swift in Sources */,
				424B130429BBE4E000462C22 /* Lab2_3_UITestsLaunchTests.swift in Sources */,
			);
			runOnlyForDeploymentPostprocessing = 0;
		};
/* End PBXSourcesBuildPhase section */

/* Begin PBXTargetDependency section */
		424B12F529BBE4E000462C22 /* PBXTargetDependency */ = {
			isa = PBXTargetDependency;
			target = 424B12E229BBE4DF00462C22 /* Lab2_3_ */;
			targetProxy = 424B12F429BBE4E000462C22 /* PBXContainerItemProxy */;
		};
		424B12FF29BBE4E000462C22 /* PBXTargetDependency */ = {
			isa = PBXTargetDependency;
			target = 424B12E229BBE4DF00462C22 /* Lab2_3_ */;
			targetProxy = 424B12FE29BBE4E000462C22 /* PBXContainerItemProxy */;
		};
/* End PBXTargetDependency section */

/* Begin XCBuildConfiguration section */
		424B130529BBE4E000462C22 /* Debug */ = {
			isa = XCBuildConfiguration;
			buildSettings = {
				ALWAYS_SEARCH_USER_PATHS = NO;
				CLANG_ANALYZER_NONNULL = YES;
				CLANG_ANALYZER_NUMBER_OBJECT_CONVERSION = YES_AGGRESSIVE;
				CLANG_CXX_LANGUAGE_STANDARD = "gnu++20";
				CLANG_ENABLE_MODULES = YES;
				CLANG_ENABLE_OBJC_ARC = YES;
				CLANG_ENABLE_OBJC_WEAK = YES;
				CLANG_WARN_BLOCK_CAPTURE_AUTORELEASING = YES;
				CLANG_WARN_BOOL_CONVERSION = YES;
				CLANG_WARN_COMMA = YES;
				CLANG_WARN_CONSTANT_CONVERSION = YES;
				CLANG_WARN_DEPRECATED_OBJC_IMPLEMENTATIONS = YES;
				CLANG_WARN_DIRECT_OBJC_ISA_USAGE = YES_ERROR;
				CLANG_WARN_DOCUMENTATION_COMMENTS = YES;
				CLANG_WARN_EMPTY_BODY = YES;
				CLANG_WARN_ENUM_CONVERSION = YES;
				CLANG_WARN_INFINITE_RECURSION = YES;
				CLANG_WARN_INT_CONVERSION = YES;
				CLANG_WARN_NON_LITERAL_NULL_CONVERSION = YES;
				CLANG_WARN_OBJC_IMPLICIT_RETAIN_SELF = YES;
				CLANG_WARN_OBJC_LITERAL_CONVERSION = YES;
				CLANG_WARN_OBJC_ROOT_CLASS = YES_ERROR;
				CLANG_WARN_QUOTED_INCLUDE_IN_FRAMEWORK_HEADER = YES;
				CLANG_WARN_RANGE_LOOP_ANALYSIS = YES;
				CLANG_WARN_STRICT_PROTOTYPES = YES;
				CLANG_WARN_SUSPICIOUS_MOVE = YES;
				CLANG_WARN_UNGUARDED_AVAILABILITY = YES_AGGRESSIVE;
				CLANG_WARN_UNREACHABLE_CODE = YES;
				CLANG_WARN__DUPLICATE_METHOD_MATCH = YES;
				COPY_PHASE_STRIP = NO;
				DEBUG_INFORMATION_FORMAT = dwarf;
				ENABLE_STRICT_OBJC_MSGSEND = YES;
				ENABLE_TESTABILITY = YES;
				GCC_C_LANGUAGE_STANDARD = gnu11;
				GCC_DYNAMIC_NO_PIC = NO;
				GCC_NO_COMMON_BLOCKS = YES;
				GCC_OPTIMIZATION_LEVEL = 0;
				GCC_PREPROCESSOR_DEFINITIONS = (
					"DEBUG=1",
					"$(inherited)",
				);
				GCC_WARN_64_TO_32_BIT_CONVERSION = YES;
				GCC_WARN_ABOUT_RETURN_TYPE = YES_ERROR;
				GCC_WARN_UNDECLARED_SELECTOR = YES;
				GCC_WARN_UNINITIALIZED_AUTOS = YES_AGGRESSIVE;
				GCC_WARN_UNUSED_FUNCTION = YES;
				GCC_WARN_UNUSED_VARIABLE = YES;
				IPHONEOS_DEPLOYMENT_TARGET = 16.2;
				MTL_ENABLE_DEBUG_INFO = INCLUDE_SOURCE;
				MTL_FAST_MATH = YES;
				ONLY_ACTIVE_ARCH = YES;
				SDKROOT = iphoneos;
				SWIFT_ACTIVE_COMPILATION_CONDITIONS = DEBUG;
				SWIFT_OPTIMIZATION_LEVEL = "-Onone";
			};
			name = Debug;
		};
		424B130629BBE4E000462C22 /* Release */ = {
			isa = XCBuildConfiguration;
			buildSettings = {
				ALWAYS_SEARCH_USER_PATHS = NO;
				CLANG_ANALYZER_NONNULL = YES;
				CLANG_ANALYZER_NUMBER_OBJECT_CONVERSION = YES_AGGRESSIVE;
				CLANG_CXX_LANGUAGE_STANDARD = "gnu++20";
				CLANG_ENABLE_MODULES = YES;
				CLANG_ENABLE_OBJC_ARC = YES;
				CLANG_ENABLE_OBJC_WEAK = YES;
				CLANG_WARN_BLOCK_CAPTURE_AUTORELEASING = YES;
				CLANG_WARN_BOOL_CONVERSION = YES;
				CLANG_WARN_COMMA = YES;
				CLANG_WARN_CONSTANT_CONVERSION = YES;
				CLANG_WARN_DEPRECATED_OBJC_IMPLEMENTATIONS = YES;
				CLANG_WARN_DIRECT_OBJC_ISA_USAGE = YES_ERROR;
				CLANG_WARN_DOCUMENTATION_COMMENTS = YES;
				CLANG_WARN_EMPTY_BODY = YES;
				CLANG_WARN_ENUM_CONVERSION = YES;
				CLANG_WARN_INFINITE_RECURSION = YES;
				CLANG_WARN_INT_CONVERSION = YES;
				CLANG_WARN_NON_LITERAL_NULL_CONVERSION = YES;
				CLANG_WARN_OBJC_IMPLICIT_RETAIN_SELF = YES;
				CLANG_WARN_OBJC_LITERAL_CONVERSION = YES;
				CLANG_WARN_OBJC_ROOT_CLASS = YES_ERROR;
				CLANG_WARN_QUOTED_INCLUDE_IN_FRAMEWORK_HEADER = YES;
				CLANG_WARN_RANGE_LOOP_ANALYSIS = YES;
				CLANG_WARN_STRICT_PROTOTYPES = YES;
				CLANG_WARN_SUSPICIOUS_MOVE = YES;
				CLANG_WARN_UNGUARDED_AVAILABILITY = YES_AGGRESSIVE;
				CLANG_WARN_UNREACHABLE_CODE = YES;
				CLANG_WARN__DUPLICATE_METHOD_MATCH = YES;
				COPY_PHASE_STRIP = NO;
				DEBUG_INFORMATION_FORMAT = "dwarf-with-dsym";
				ENABLE_NS_ASSERTIONS = NO;
				ENABLE_STRICT_OBJC_MSGSEND = YES;
				GCC_C_LANGUAGE_STANDARD = gnu11;
				GCC_NO_COMMON_BLOCKS = YES;
				GCC_WARN_64_TO_32_BIT_CONVERSION = YES;
				GCC_WARN_ABOUT_RETURN_TYPE = YES_ERROR;
				GCC_WARN_UNDECLARED_SELECTOR = YES;
				GCC_WARN_UNINITIALIZED_AUTOS = YES_AGGRESSIVE;
				GCC_WARN_UNUSED_FUNCTION = YES;
				GCC_WARN_UNUSED_VARIABLE = YES;
				IPHONEOS_DEPLOYMENT_TARGET = 16.2;
				MTL_ENABLE_DEBUG_INFO = NO;
				MTL_FAST_MATH = YES;
				SDKROOT = iphoneos;
				SWIFT_COMPILATION_MODE = wholemodule;
				SWIFT_OPTIMIZATION_LEVEL = "-O";
				VALIDATE_PRODUCT = YES;
			};
			name = Release;
		};
		424B130829BBE4E000462C22 /* Debug */ = {
			isa = XCBuildConfiguration;
			buildSettings = {
				ASSETCATALOG_COMPILER_APPICON_NAME = AppIcon;
				ASSETCATALOG_COMPILER_GLOBAL_ACCENT_COLOR_NAME = AccentColor;
				CODE_SIGN_STYLE = Automatic;
				CURRENT_PROJECT_VERSION = 1;
				DEVELOPMENT_ASSET_PATHS = "\"Lab2_3_/Preview Content\"";
				ENABLE_PREVIEWS = YES;
				GENERATE_INFOPLIST_FILE = YES;
				INFOPLIST_KEY_UIApplicationSceneManifest_Generation = YES;
				INFOPLIST_KEY_UIApplicationSupportsIndirectInputEvents = YES;
				INFOPLIST_KEY_UILaunchScreen_Generation = YES;
				INFOPLIST_KEY_UISupportedInterfaceOrientations_iPad = "UIInterfaceOrientationPortrait UIInterfaceOrientationPortraitUpsideDown UIInterfaceOrientationLandscapeLeft UIInterfaceOrientationLandscapeRight";
				INFOPLIST_KEY_UISupportedInterfaceOrientations_iPhone = "UIInterfaceOrientationPortrait UIInterfaceOrientationLandscapeLeft UIInterfaceOrientationLandscapeRight";
				LD_RUNPATH_SEARCH_PATHS = (
					"$(inherited)",
					"@executable_path/Frameworks",
				);
				MARKETING_VERSION = 1.0;
				PRODUCT_BUNDLE_IDENTIFIER = "m.Lab2-3-";
				PRODUCT_NAME = "$(TARGET_NAME)";
				SWIFT_EMIT_LOC_STRINGS = YES;
				SWIFT_VERSION = 5.0;
				TARGETED_DEVICE_FAMILY = "1,2";
			};
			name = Debug;
		};
		424B130929BBE4E000462C22 /* Release */ = {
			isa = XCBuildConfiguration;
			buildSettings = {
				ASSETCATALOG_COMPILER_APPICON_NAME = AppIcon;
				ASSETCATALOG_COMPILER_GLOBAL_ACCENT_COLOR_NAME = AccentColor;
				CODE_SIGN_STYLE = Automatic;
				CURRENT_PROJECT_VERSION = 1;
				DEVELOPMENT_ASSET_PATHS = "\"Lab2_3_/Preview Content\"";
				ENABLE_PREVIEWS = YES;
				GENERATE_INFOPLIST_FILE = YES;
				INFOPLIST_KEY_UIApplicationSceneManifest_Generation = YES;
				INFOPLIST_KEY_UIApplicationSupportsIndirectInputEvents = YES;
				INFOPLIST_KEY_UILaunchScreen_Generation = YES;
				INFOPLIST_KEY_UISupportedInterfaceOrientations_iPad = "UIInterfaceOrientationPortrait UIInterfaceOrientationPortraitUpsideDown UIInterfaceOrientationLandscapeLeft UIInterfaceOrientationLandscapeRight";
				INFOPLIST_KEY_UISupportedInterfaceOrientations_iPhone = "UIInterfaceOrientationPortrait UIInterfaceOrientationLandscapeLeft UIInterfaceOrientationLandscapeRight";
				LD_RUNPATH_SEARCH_PATHS = (
					"$(inherited)",
					"@executable_path/Frameworks",
				);
				MARKETING_VERSION = 1.0;
				PRODUCT_BUNDLE_IDENTIFIER = "m.Lab2-3-";
				PRODUCT_NAME = "$(TARGET_NAME)";
				SWIFT_EMIT_LOC_STRINGS = YES;
				SWIFT_VERSION = 5.0;
				TARGETED_DEVICE_FAMILY = "1,2";
			};
			name = Release;
		};
		424B130B29BBE4E000462C22 /* Debug */ = {
			isa = XCBuildConfiguration;
			buildSettings = {
				ALWAYS_EMBED_SWIFT_STANDARD_LIBRARIES = YES;
				BUNDLE_LOADER = "$(TEST_HOST)";
				CODE_SIGN_STYLE = Automatic;
				CURRENT_PROJECT_VERSION = 1;
				GENERATE_INFOPLIST_FILE = YES;
				IPHONEOS_DEPLOYMENT_TARGET = 16.2;
				MARKETING_VERSION = 1.0;
				PRODUCT_BUNDLE_IDENTIFIER = "m.Lab2-3-Tests";
				PRODUCT_NAME = "$(TARGET_NAME)";
				SWIFT_EMIT_LOC_STRINGS = NO;
				SWIFT_VERSION = 5.0;
				TARGETED_DEVICE_FAMILY = "1,2";
				TEST_HOST = "$(BUILT_PRODUCTS_DIR)/Lab2_3_.app/$(BUNDLE_EXECUTABLE_FOLDER_PATH)/Lab2_3_";
			};
			name = Debug;
		};
		424B130C29BBE4E000462C22 /* Release */ = {
			isa = XCBuildConfiguration;
			buildSettings = {
				ALWAYS_EMBED_SWIFT_STANDARD_LIBRARIES = YES;
				BUNDLE_LOADER = "$(TEST_HOST)";
				CODE_SIGN_STYLE = Automatic;
				CURRENT_PROJECT_VERSION = 1;
				GENERATE_INFOPLIST_FILE = YES;
				IPHONEOS_DEPLOYMENT_TARGET = 16.2;
				MARKETING_VERSION = 1.0;
				PRODUCT_BUNDLE_IDENTIFIER = "m.Lab2-3-Tests";
				PRODUCT_NAME = "$(TARGET_NAME)";
				SWIFT_EMIT_LOC_STRINGS = NO;
				SWIFT_VERSION = 5.0;
				TARGETED_DEVICE_FAMILY = "1,2";
				TEST_HOST = "$(BUILT_PRODUCTS_DIR)/Lab2_3_.app/$(BUNDLE_EXECUTABLE_FOLDER_PATH)/Lab2_3_";
			};
			name = Release;
		};
		424B130E29BBE4E000462C22 /* Debug */ = {
			isa = XCBuildConfiguration;
			buildSettings = {
				ALWAYS_EMBED_SWIFT_STANDARD_LIBRARIES = YES;
				CODE_SIGN_STYLE = Automatic;
				CURRENT_PROJECT_VERSION = 1;
				GENERATE_INFOPLIST_FILE = YES;
				MARKETING_VERSION = 1.0;
				PRODUCT_BUNDLE_IDENTIFIER = "m.Lab2-3-UITests";
				PRODUCT_NAME = "$(TARGET_NAME)";
				SWIFT_EMIT_LOC_STRINGS = NO;
				SWIFT_VERSION = 5.0;
				TARGETED_DEVICE_FAMILY = "1,2";
				TEST_TARGET_NAME = Lab2_3_;
			};
			name = Debug;
		};
		424B130F29BBE4E000462C22 /* Release */ = {
			isa = XCBuildConfiguration;
			buildSettings = {
				ALWAYS_EMBED_SWIFT_STANDARD_LIBRARIES = YES;
				CODE_SIGN_STYLE = Automatic;
				CURRENT_PROJECT_VERSION = 1;
				GENERATE_INFOPLIST_FILE = YES;
				MARKETING_VERSION = 1.0;
				PRODUCT_BUNDLE_IDENTIFIER = "m.Lab2-3-UITests";
				PRODUCT_NAME = "$(TARGET_NAME)";
				SWIFT_EMIT_LOC_STRINGS = NO;
				SWIFT_VERSION = 5.0;
				TARGETED_DEVICE_FAMILY = "1,2";
				TEST_TARGET_NAME = Lab2_3_;
			};
			name = Release;
		};
/* End XCBuildConfiguration section */

/* Begin XCConfigurationList section */
		424B12DE29BBE4DF00462C22 /* Build configuration list for PBXProject "Lab2_3_" */ = {
			isa = XCConfigurationList;
			buildConfigurations = (
				424B130529BBE4E000462C22 /* Debug */,
				424B130629BBE4E000462C22 /* Release */,
			);
			defaultConfigurationIsVisible = 0;
			defaultConfigurationName = Release;
		};
		424B130729BBE4E000462C22 /* Build configuration list for PBXNativeTarget "Lab2_3_" */ = {
			isa = XCConfigurationList;
			buildConfigurations = (
				424B130829BBE4E000462C22 /* Debug */,
				424B130929BBE4E000462C22 /* Release */,
			);
			defaultConfigurationIsVisible = 0;
			defaultConfigurationName = Release;
		};
		424B130A29BBE4E000462C22 /* Build configuration list for PBXNativeTarget "Lab2_3_Tests" */ = {
			isa = XCConfigurationList;
			buildConfigurations = (
				424B130B29BBE4E000462C22 /* Debug */,
				424B130C29BBE4E000462C22 /* Release */,
			);
			defaultConfigurationIsVisible = 0;
			defaultConfigurationName = Release;
		};
		424B130D29BBE4E000462C22 /* Build configuration list for PBXNativeTarget "Lab2_3_UITests" */ = {
			isa = XCConfigurationList;
			buildConfigurations = (
				424B130E29BBE4E000462C22 /* Debug */,
				424B130F29BBE4E000462C22 /* Release */,
			);
			defaultConfigurationIsVisible = 0;
			defaultConfigurationName = Release;
		};
/* End XCConfigurationList section */
	};
	rootObject = 424B12DB29BBE4DF00462C22 /* Project object */;
}
