// !$*UTF8*$!
{
	archiveVersion = 1;
	classes = {
	};
	objectVersion = 56;
	objects = {

/* Begin PBXBuildFile section */
		4234811B2A38525A00F566BF /* testApp.swift in Sources */ = {isa = PBXBuildFile; fileRef = 4234811A2A38525A00F566BF /* testApp.swift */; };
		4234811D2A38525A00F566BF /* ContentView.swift in Sources */ = {isa = PBXBuildFile; fileRef = 4234811C2A38525A00F566BF /* ContentView.swift */; };
		4234811F2A38525B00F566BF /* Assets.xcassets in Resources */ = {isa = PBXBuildFile; fileRef = 4234811E2A38525B00F566BF /* Assets.xcassets */; };
		423481222A38525B00F566BF /* Preview Assets.xcassets in Resources */ = {isa = PBXBuildFile; fileRef = 423481212A38525B00F566BF /* Preview Assets.xcassets */; };
		423481242A38525B00F566BF /* Persistence.swift in Sources */ = {isa = PBXBuildFile; fileRef = 423481232A38525B00F566BF /* Persistence.swift */; };
		423481272A38525B00F566BF /* test.xcdatamodeld in Sources */ = {isa = PBXBuildFile; fileRef = 423481252A38525B00F566BF /* test.xcdatamodeld */; };
		423481372A38554A00F566BF /* Zamowienie+CoreDataClass.swift in Sources */ = {isa = PBXBuildFile; fileRef = 423481312A38554A00F566BF /* Zamowienie+CoreDataClass.swift */; };
		423481382A38554A00F566BF /* Zamowienie+CoreDataProperties.swift in Sources */ = {isa = PBXBuildFile; fileRef = 423481322A38554A00F566BF /* Zamowienie+CoreDataProperties.swift */; };
		423481392A38554A00F566BF /* Smak+CoreDataClass.swift in Sources */ = {isa = PBXBuildFile; fileRef = 423481332A38554A00F566BF /* Smak+CoreDataClass.swift */; };
		4234813A2A38554A00F566BF /* Smak+CoreDataProperties.swift in Sources */ = {isa = PBXBuildFile; fileRef = 423481342A38554A00F566BF /* Smak+CoreDataProperties.swift */; };
		4234813B2A38554A00F566BF /* Pudelko+CoreDataClass.swift in Sources */ = {isa = PBXBuildFile; fileRef = 423481352A38554A00F566BF /* Pudelko+CoreDataClass.swift */; };
		4234813C2A38554A00F566BF /* Pudelko+CoreDataProperties.swift in Sources */ = {isa = PBXBuildFile; fileRef = 423481362A38554A00F566BF /* Pudelko+CoreDataProperties.swift */; };
		4234813E2A3855A300F566BF /* About.swift in Sources */ = {isa = PBXBuildFile; fileRef = 4234813D2A3855A300F566BF /* About.swift */; };
		423481402A3855CE00F566BF /* Koszyk.swift in Sources */ = {isa = PBXBuildFile; fileRef = 4234813F2A3855CE00F566BF /* Koszyk.swift */; };
		423481422A3CBFB600F566BF /* PickPudelko.swift in Sources */ = {isa = PBXBuildFile; fileRef = 423481412A3CBFB600F566BF /* PickPudelko.swift */; };
/* End PBXBuildFile section */

/* Begin PBXFileReference section */
		423481172A38525A00F566BF /* test.app */ = {isa = PBXFileReference; explicitFileType = wrapper.application; includeInIndex = 0; path = test.app; sourceTree = BUILT_PRODUCTS_DIR; };
		4234811A2A38525A00F566BF /* testApp.swift */ = {isa = PBXFileReference; lastKnownFileType = sourcecode.swift; path = testApp.swift; sourceTree = "<group>"; };
		4234811C2A38525A00F566BF /* ContentView.swift */ = {isa = PBXFileReference; lastKnownFileType = sourcecode.swift; path = ContentView.swift; sourceTree = "<group>"; };
		4234811E2A38525B00F566BF /* Assets.xcassets */ = {isa = PBXFileReference; lastKnownFileType = folder.assetcatalog; path = Assets.xcassets; sourceTree = "<group>"; };
		423481212A38525B00F566BF /* Preview Assets.xcassets */ = {isa = PBXFileReference; lastKnownFileType = folder.assetcatalog; path = "Preview Assets.xcassets"; sourceTree = "<group>"; };
		423481232A38525B00F566BF /* Persistence.swift */ = {isa = PBXFileReference; lastKnownFileType = sourcecode.swift; path = Persistence.swift; sourceTree = "<group>"; };
		423481262A38525B00F566BF /* test.xcdatamodel */ = {isa = PBXFileReference; lastKnownFileType = wrapper.xcdatamodel; path = test.xcdatamodel; sourceTree = "<group>"; };
		423481312A38554A00F566BF /* Zamowienie+CoreDataClass.swift */ = {isa = PBXFileReference; lastKnownFileType = sourcecode.swift; path = "Zamowienie+CoreDataClass.swift"; sourceTree = "<group>"; };
		423481322A38554A00F566BF /* Zamowienie+CoreDataProperties.swift */ = {isa = PBXFileReference; lastKnownFileType = sourcecode.swift; path = "Zamowienie+CoreDataProperties.swift"; sourceTree = "<group>"; };
		423481332A38554A00F566BF /* Smak+CoreDataClass.swift */ = {isa = PBXFileReference; lastKnownFileType = sourcecode.swift; path = "Smak+CoreDataClass.swift"; sourceTree = "<group>"; };
		423481342A38554A00F566BF /* Smak+CoreDataProperties.swift */ = {isa = PBXFileReference; lastKnownFileType = sourcecode.swift; path = "Smak+CoreDataProperties.swift"; sourceTree = "<group>"; };
		423481352A38554A00F566BF /* Pudelko+CoreDataClass.swift */ = {isa = PBXFileReference; lastKnownFileType = sourcecode.swift; path = "Pudelko+CoreDataClass.swift"; sourceTree = "<group>"; };
		423481362A38554A00F566BF /* Pudelko+CoreDataProperties.swift */ = {isa = PBXFileReference; lastKnownFileType = sourcecode.swift; path = "Pudelko+CoreDataProperties.swift"; sourceTree = "<group>"; };
		4234813D2A3855A300F566BF /* About.swift */ = {isa = PBXFileReference; lastKnownFileType = sourcecode.swift; path = About.swift; sourceTree = "<group>"; };
		4234813F2A3855CE00F566BF /* Koszyk.swift */ = {isa = PBXFileReference; lastKnownFileType = sourcecode.swift; path = Koszyk.swift; sourceTree = "<group>"; };
		423481412A3CBFB600F566BF /* PickPudelko.swift */ = {isa = PBXFileReference; lastKnownFileType = sourcecode.swift; path = PickPudelko.swift; sourceTree = "<group>"; };
/* End PBXFileReference section */

/* Begin PBXFrameworksBuildPhase section */
		423481142A38525A00F566BF /* Frameworks */ = {
			isa = PBXFrameworksBuildPhase;
			buildActionMask = 2147483647;
			files = (
			);
			runOnlyForDeploymentPostprocessing = 0;
		};
/* End PBXFrameworksBuildPhase section */

/* Begin PBXGroup section */
		4234810E2A38525A00F566BF = {
			isa = PBXGroup;
			children = (
				423481312A38554A00F566BF /* Zamowienie+CoreDataClass.swift */,
				423481322A38554A00F566BF /* Zamowienie+CoreDataProperties.swift */,
				423481332A38554A00F566BF /* Smak+CoreDataClass.swift */,
				423481342A38554A00F566BF /* Smak+CoreDataProperties.swift */,
				423481352A38554A00F566BF /* Pudelko+CoreDataClass.swift */,
				423481362A38554A00F566BF /* Pudelko+CoreDataProperties.swift */,
				423481192A38525A00F566BF /* test */,
				423481182A38525A00F566BF /* Products */,
			);
			sourceTree = "<group>";
		};
		423481182A38525A00F566BF /* Products */ = {
			isa = PBXGroup;
			children = (
				423481172A38525A00F566BF /* test.app */,
			);
			name = Products;
			sourceTree = "<group>";
		};
		423481192A38525A00F566BF /* test */ = {
			isa = PBXGroup;
			children = (
				4234811A2A38525A00F566BF /* testApp.swift */,
				4234811C2A38525A00F566BF /* ContentView.swift */,
				4234811E2A38525B00F566BF /* Assets.xcassets */,
				423481232A38525B00F566BF /* Persistence.swift */,
				423481252A38525B00F566BF /* test.xcdatamodeld */,
				423481202A38525B00F566BF /* Preview Content */,
				4234813D2A3855A300F566BF /* About.swift */,
				4234813F2A3855CE00F566BF /* Koszyk.swift */,
				423481412A3CBFB600F566BF /* PickPudelko.swift */,
			);
			path = test;
			sourceTree = "<group>";
		};
		423481202A38525B00F566BF /* Preview Content */ = {
			isa = PBXGroup;
			children = (
				423481212A38525B00F566BF /* Preview Assets.xcassets */,
			);
			path = "Preview Content";
			sourceTree = "<group>";
		};
/* End PBXGroup section */

/* Begin PBXNativeTarget section */
		423481162A38525A00F566BF /* test */ = {
			isa = PBXNativeTarget;
			buildConfigurationList = 4234812A2A38525B00F566BF /* Build configuration list for PBXNativeTarget "test" */;
			buildPhases = (
				423481132A38525A00F566BF /* Sources */,
				423481142A38525A00F566BF /* Frameworks */,
				423481152A38525A00F566BF /* Resources */,
			);
			buildRules = (
			);
			dependencies = (
			);
			name = test;
			productName = test;
			productReference = 423481172A38525A00F566BF /* test.app */;
			productType = "com.apple.product-type.application";
		};
/* End PBXNativeTarget section */

/* Begin PBXProject section */
		4234810F2A38525A00F566BF /* Project object */ = {
			isa = PBXProject;
			attributes = {
				BuildIndependentTargetsInParallel = 1;
				LastSwiftUpdateCheck = 1430;
				LastUpgradeCheck = 1430;
				TargetAttributes = {
					423481162A38525A00F566BF = {
						CreatedOnToolsVersion = 14.3;
					};
				};
			};
			buildConfigurationList = 423481122A38525A00F566BF /* Build configuration list for PBXProject "test" */;
			compatibilityVersion = "Xcode 14.0";
			developmentRegion = en;
			hasScannedForEncodings = 0;
			knownRegions = (
				en,
				Base,
			);
			mainGroup = 4234810E2A38525A00F566BF;
			productRefGroup = 423481182A38525A00F566BF /* Products */;
			projectDirPath = "";
			projectRoot = "";
			targets = (
				423481162A38525A00F566BF /* test */,
			);
		};
/* End PBXProject section */

/* Begin PBXResourcesBuildPhase section */
		423481152A38525A00F566BF /* Resources */ = {
			isa = PBXResourcesBuildPhase;
			buildActionMask = 2147483647;
			files = (
				423481222A38525B00F566BF /* Preview Assets.xcassets in Resources */,
				4234811F2A38525B00F566BF /* Assets.xcassets in Resources */,
			);
			runOnlyForDeploymentPostprocessing = 0;
		};
/* End PBXResourcesBuildPhase section */

/* Begin PBXSourcesBuildPhase section */
		423481132A38525A00F566BF /* Sources */ = {
			isa = PBXSourcesBuildPhase;
			buildActionMask = 2147483647;
			files = (
				4234813B2A38554A00F566BF /* Pudelko+CoreDataClass.swift in Sources */,
				423481372A38554A00F566BF /* Zamowienie+CoreDataClass.swift in Sources */,
				4234813E2A3855A300F566BF /* About.swift in Sources */,
				423481382A38554A00F566BF /* Zamowienie+CoreDataProperties.swift in Sources */,
				423481242A38525B00F566BF /* Persistence.swift in Sources */,
				423481392A38554A00F566BF /* Smak+CoreDataClass.swift in Sources */,
				423481272A38525B00F566BF /* test.xcdatamodeld in Sources */,
				423481422A3CBFB600F566BF /* PickPudelko.swift in Sources */,
				4234811D2A38525A00F566BF /* ContentView.swift in Sources */,
				4234811B2A38525A00F566BF /* testApp.swift in Sources */,
				4234813C2A38554A00F566BF /* Pudelko+CoreDataProperties.swift in Sources */,
				423481402A3855CE00F566BF /* Koszyk.swift in Sources */,
				4234813A2A38554A00F566BF /* Smak+CoreDataProperties.swift in Sources */,
			);
			runOnlyForDeploymentPostprocessing = 0;
		};
/* End PBXSourcesBuildPhase section */

/* Begin XCBuildConfiguration section */
		423481282A38525B00F566BF /* Debug */ = {
			isa = XCBuildConfiguration;
			buildSettings = {
				ALWAYS_SEARCH_USER_PATHS = NO;
				CLANG_ANALYZER_NONNULL = YES;
				CLANG_ANALYZER_NUMBER_OBJECT_CONVERSION = YES_AGGRESSIVE;
				CLANG_CXX_LANGUAGE_STANDARD = "gnu++20";
				CLANG_ENABLE_MODULES = YES;
				CLANG_ENABLE_OBJC_ARC = YES;
				CLANG_ENABLE_OBJC_WEAK = YES;
				CLANG_WARN_BLOCK_CAPTURE_AUTORELEASING = YES;
				CLANG_WARN_BOOL_CONVERSION = YES;
				CLANG_WARN_COMMA = YES;
				CLANG_WARN_CONSTANT_CONVERSION = YES;
				CLANG_WARN_DEPRECATED_OBJC_IMPLEMENTATIONS = YES;
				CLANG_WARN_DIRECT_OBJC_ISA_USAGE = YES_ERROR;
				CLANG_WARN_DOCUMENTATION_COMMENTS = YES;
				CLANG_WARN_EMPTY_BODY = YES;
				CLANG_WARN_ENUM_CONVERSION = YES;
				CLANG_WARN_INFINITE_RECURSION = YES;
				CLANG_WARN_INT_CONVERSION = YES;
				CLANG_WARN_NON_LITERAL_NULL_CONVERSION = YES;
				CLANG_WARN_OBJC_IMPLICIT_RETAIN_SELF = YES;
				CLANG_WARN_OBJC_LITERAL_CONVERSION = YES;
				CLANG_WARN_OBJC_ROOT_CLASS = YES_ERROR;
				CLANG_WARN_QUOTED_INCLUDE_IN_FRAMEWORK_HEADER = YES;
				CLANG_WARN_RANGE_LOOP_ANALYSIS = YES;
				CLANG_WARN_STRICT_PROTOTYPES = YES;
				CLANG_WARN_SUSPICIOUS_MOVE = YES;
				CLANG_WARN_UNGUARDED_AVAILABILITY = YES_AGGRESSIVE;
				CLANG_WARN_UNREACHABLE_CODE = YES;
				CLANG_WARN__DUPLICATE_METHOD_MATCH = YES;
				COPY_PHASE_STRIP = NO;
				DEBUG_INFORMATION_FORMAT = dwarf;
				ENABLE_STRICT_OBJC_MSGSEND = YES;
				ENABLE_TESTABILITY = YES;
				GCC_C_LANGUAGE_STANDARD = gnu11;
				GCC_DYNAMIC_NO_PIC = NO;
				GCC_NO_COMMON_BLOCKS = YES;
				GCC_OPTIMIZATION_LEVEL = 0;
				GCC_PREPROCESSOR_DEFINITIONS = (
					"DEBUG=1",
					"$(inherited)",
				);
				GCC_WARN_64_TO_32_BIT_CONVERSION = YES;
				GCC_WARN_ABOUT_RETURN_TYPE = YES_ERROR;
				GCC_WARN_UNDECLARED_SELECTOR = YES;
				GCC_WARN_UNINITIALIZED_AUTOS = YES_AGGRESSIVE;
				GCC_WARN_UNUSED_FUNCTION = YES;
				GCC_WARN_UNUSED_VARIABLE = YES;
				IPHONEOS_DEPLOYMENT_TARGET = 16.4;
				MTL_ENABLE_DEBUG_INFO = INCLUDE_SOURCE;
				MTL_FAST_MATH = YES;
				ONLY_ACTIVE_ARCH = YES;
				SDKROOT = iphoneos;
				SWIFT_ACTIVE_COMPILATION_CONDITIONS = DEBUG;
				SWIFT_OPTIMIZATION_LEVEL = "-Onone";
			};
			name = Debug;
		};
		423481292A38525B00F566BF /* Release */ = {
			isa = XCBuildConfiguration;
			buildSettings = {
				ALWAYS_SEARCH_USER_PATHS = NO;
				CLANG_ANALYZER_NONNULL = YES;
				CLANG_ANALYZER_NUMBER_OBJECT_CONVERSION = YES_AGGRESSIVE;
				CLANG_CXX_LANGUAGE_STANDARD = "gnu++20";
				CLANG_ENABLE_MODULES = YES;
				CLANG_ENABLE_OBJC_ARC = YES;
				CLANG_ENABLE_OBJC_WEAK = YES;
				CLANG_WARN_BLOCK_CAPTURE_AUTORELEASING = YES;
				CLANG_WARN_BOOL_CONVERSION = YES;
				CLANG_WARN_COMMA = YES;
				CLANG_WARN_CONSTANT_CONVERSION = YES;
				CLANG_WARN_DEPRECATED_OBJC_IMPLEMENTATIONS = YES;
				CLANG_WARN_DIRECT_OBJC_ISA_USAGE = YES_ERROR;
				CLANG_WARN_DOCUMENTATION_COMMENTS = YES;
				CLANG_WARN_EMPTY_BODY = YES;
				CLANG_WARN_ENUM_CONVERSION = YES;
				CLANG_WARN_INFINITE_RECURSION = YES;
				CLANG_WARN_INT_CONVERSION = YES;
				CLANG_WARN_NON_LITERAL_NULL_CONVERSION = YES;
				CLANG_WARN_OBJC_IMPLICIT_RETAIN_SELF = YES;
				CLANG_WARN_OBJC_LITERAL_CONVERSION = YES;
				CLANG_WARN_OBJC_ROOT_CLASS = YES_ERROR;
				CLANG_WARN_QUOTED_INCLUDE_IN_FRAMEWORK_HEADER = YES;
				CLANG_WARN_RANGE_LOOP_ANALYSIS = YES;
				CLANG_WARN_STRICT_PROTOTYPES = YES;
				CLANG_WARN_SUSPICIOUS_MOVE = YES;
				CLANG_WARN_UNGUARDED_AVAILABILITY = YES_AGGRESSIVE;
				CLANG_WARN_UNREACHABLE_CODE = YES;
				CLANG_WARN__DUPLICATE_METHOD_MATCH = YES;
				COPY_PHASE_STRIP = NO;
				DEBUG_INFORMATION_FORMAT = "dwarf-with-dsym";
				ENABLE_NS_ASSERTIONS = NO;
				ENABLE_STRICT_OBJC_MSGSEND = YES;
				GCC_C_LANGUAGE_STANDARD = gnu11;
				GCC_NO_COMMON_BLOCKS = YES;
				GCC_WARN_64_TO_32_BIT_CONVERSION = YES;
				GCC_WARN_ABOUT_RETURN_TYPE = YES_ERROR;
				GCC_WARN_UNDECLARED_SELECTOR = YES;
				GCC_WARN_UNINITIALIZED_AUTOS = YES_AGGRESSIVE;
				GCC_WARN_UNUSED_FUNCTION = YES;
				GCC_WARN_UNUSED_VARIABLE = YES;
				IPHONEOS_DEPLOYMENT_TARGET = 16.4;
				MTL_ENABLE_DEBUG_INFO = NO;
				MTL_FAST_MATH = YES;
				SDKROOT = iphoneos;
				SWIFT_COMPILATION_MODE = wholemodule;
				SWIFT_OPTIMIZATION_LEVEL = "-O";
				VALIDATE_PRODUCT = YES;
			};
			name = Release;
		};
		4234812B2A38525B00F566BF /* Debug */ = {
			isa = XCBuildConfiguration;
			buildSettings = {
				ASSETCATALOG_COMPILER_APPICON_NAME = AppIcon;
				ASSETCATALOG_COMPILER_GLOBAL_ACCENT_COLOR_NAME = AccentColor;
				CODE_SIGN_STYLE = Automatic;
				CURRENT_PROJECT_VERSION = 1;
				DEVELOPMENT_ASSET_PATHS = "\"test/Preview Content\"";
				ENABLE_PREVIEWS = YES;
				GENERATE_INFOPLIST_FILE = YES;
				INFOPLIST_KEY_UIApplicationSceneManifest_Generation = YES;
				INFOPLIST_KEY_UIApplicationSupportsIndirectInputEvents = YES;
				INFOPLIST_KEY_UILaunchScreen_Generation = YES;
				INFOPLIST_KEY_UISupportedInterfaceOrientations_iPad = "UIInterfaceOrientationPortrait UIInterfaceOrientationPortraitUpsideDown UIInterfaceOrientationLandscapeLeft UIInterfaceOrientationLandscapeRight";
				INFOPLIST_KEY_UISupportedInterfaceOrientations_iPhone = "UIInterfaceOrientationPortrait UIInterfaceOrientationLandscapeLeft UIInterfaceOrientationLandscapeRight";
				LD_RUNPATH_SEARCH_PATHS = (
					"$(inherited)",
					"@executable_path/Frameworks",
				);
				MARKETING_VERSION = 1.0;
				PRODUCT_BUNDLE_IDENTIFIER = m.test;
				PRODUCT_NAME = "$(TARGET_NAME)";
				SWIFT_EMIT_LOC_STRINGS = YES;
				SWIFT_VERSION = 5.0;
				TARGETED_DEVICE_FAMILY = "1,2";
			};
			name = Debug;
		};
		4234812C2A38525B00F566BF /* Release */ = {
			isa = XCBuildConfiguration;
			buildSettings = {
				ASSETCATALOG_COMPILER_APPICON_NAME = AppIcon;
				ASSETCATALOG_COMPILER_GLOBAL_ACCENT_COLOR_NAME = AccentColor;
				CODE_SIGN_STYLE = Automatic;
				CURRENT_PROJECT_VERSION = 1;
				DEVELOPMENT_ASSET_PATHS = "\"test/Preview Content\"";
				ENABLE_PREVIEWS = YES;
				GENERATE_INFOPLIST_FILE = YES;
				INFOPLIST_KEY_UIApplicationSceneManifest_Generation = YES;
				INFOPLIST_KEY_UIApplicationSupportsIndirectInputEvents = YES;
				INFOPLIST_KEY_UILaunchScreen_Generation = YES;
				INFOPLIST_KEY_UISupportedInterfaceOrientations_iPad = "UIInterfaceOrientationPortrait UIInterfaceOrientationPortraitUpsideDown UIInterfaceOrientationLandscapeLeft UIInterfaceOrientationLandscapeRight";
				INFOPLIST_KEY_UISupportedInterfaceOrientations_iPhone = "UIInterfaceOrientationPortrait UIInterfaceOrientationLandscapeLeft UIInterfaceOrientationLandscapeRight";
				LD_RUNPATH_SEARCH_PATHS = (
					"$(inherited)",
					"@executable_path/Frameworks",
				);
				MARKETING_VERSION = 1.0;
				PRODUCT_BUNDLE_IDENTIFIER = m.test;
				PRODUCT_NAME = "$(TARGET_NAME)";
				SWIFT_EMIT_LOC_STRINGS = YES;
				SWIFT_VERSION = 5.0;
				TARGETED_DEVICE_FAMILY = "1,2";
			};
			name = Release;
		};
/* End XCBuildConfiguration section */

/* Begin XCConfigurationList section */
		423481122A38525A00F566BF /* Build configuration list for PBXProject "test" */ = {
			isa = XCConfigurationList;
			buildConfigurations = (
				423481282A38525B00F566BF /* Debug */,
				423481292A38525B00F566BF /* Release */,
			);
			defaultConfigurationIsVisible = 0;
			defaultConfigurationName = Release;
		};
		4234812A2A38525B00F566BF /* Build configuration list for PBXNativeTarget "test" */ = {
			isa = XCConfigurationList;
			buildConfigurations = (
				4234812B2A38525B00F566BF /* Debug */,
				4234812C2A38525B00F566BF /* Release */,
			);
			defaultConfigurationIsVisible = 0;
			defaultConfigurationName = Release;
		};
/* End XCConfigurationList section */

/* Begin XCVersionGroup section */
		423481252A38525B00F566BF /* test.xcdatamodeld */ = {
			isa = XCVersionGroup;
			children = (
				423481262A38525B00F566BF /* test.xcdatamodel */,
			);
			currentVersion = 423481262A38525B00F566BF /* test.xcdatamodel */;
			path = test.xcdatamodeld;
			sourceTree = "<group>";
			versionGroupType = wrapper.xcdatamodel;
		};
/* End XCVersionGroup section */
	};
	rootObject = 4234810F2A38525A00F566BF /* Project object */;
}
