// !$*UTF8*$!
{
	archiveVersion = 1;
	classes = {
	};
	objectVersion = 56;
	objects = {

/* Begin PBXBuildFile section */
		42BB828E29EC4F2D00061CE1 /* Lab7_2App.swift in Sources */ = {isa = PBXBuildFile; fileRef = 42BB828D29EC4F2D00061CE1 /* Lab7_2App.swift */; };
		42BB829029EC4F2D00061CE1 /* ContentView.swift in Sources */ = {isa = PBXBuildFile; fileRef = 42BB828F29EC4F2D00061CE1 /* ContentView.swift */; };
		42BB829229EC4F2D00061CE1 /* Assets.xcassets in Resources */ = {isa = PBXBuildFile; fileRef = 42BB829129EC4F2D00061CE1 /* Assets.xcassets */; };
		42BB829529EC4F2D00061CE1 /* Preview Assets.xcassets in Resources */ = {isa = PBXBuildFile; fileRef = 42BB829429EC4F2D00061CE1 /* Preview Assets.xcassets */; };
		42BB829C29EC4F5000061CE1 /* House.swift in Sources */ = {isa = PBXBuildFile; fileRef = 42BB829B29EC4F5000061CE1 /* House.swift */; };
		42BB829E29EC507F00061CE1 /* Flat.swift in Sources */ = {isa = PBXBuildFile; fileRef = 42BB829D29EC507F00061CE1 /* Flat.swift */; };
		42BB82A029EC510C00061CE1 /* EstateManager.swift in Sources */ = {isa = PBXBuildFile; fileRef = 42BB829F29EC510C00061CE1 /* EstateManager.swift */; };
		42BB82A429EC6E2F00061CE1 /* HouseView.swift in Sources */ = {isa = PBXBuildFile; fileRef = 42BB82A329EC6E2F00061CE1 /* HouseView.swift */; };
		42BB82A629EC750500061CE1 /* FlatView.swift in Sources */ = {isa = PBXBuildFile; fileRef = 42BB82A529EC750500061CE1 /* FlatView.swift */; };
/* End PBXBuildFile section */

/* Begin PBXFileReference section */
		42BB828A29EC4F2D00061CE1 /* Lab7_2.app */ = {isa = PBXFileReference; explicitFileType = wrapper.application; includeInIndex = 0; path = Lab7_2.app; sourceTree = BUILT_PRODUCTS_DIR; };
		42BB828D29EC4F2D00061CE1 /* Lab7_2App.swift */ = {isa = PBXFileReference; lastKnownFileType = sourcecode.swift; path = Lab7_2App.swift; sourceTree = "<group>"; };
		42BB828F29EC4F2D00061CE1 /* ContentView.swift */ = {isa = PBXFileReference; lastKnownFileType = sourcecode.swift; path = ContentView.swift; sourceTree = "<group>"; };
		42BB829129EC4F2D00061CE1 /* Assets.xcassets */ = {isa = PBXFileReference; lastKnownFileType = folder.assetcatalog; path = Assets.xcassets; sourceTree = "<group>"; };
		42BB829429EC4F2D00061CE1 /* Preview Assets.xcassets */ = {isa = PBXFileReference; lastKnownFileType = folder.assetcatalog; path = "Preview Assets.xcassets"; sourceTree = "<group>"; };
		42BB829B29EC4F5000061CE1 /* House.swift */ = {isa = PBXFileReference; lastKnownFileType = sourcecode.swift; path = House.swift; sourceTree = "<group>"; };
		42BB829D29EC507F00061CE1 /* Flat.swift */ = {isa = PBXFileReference; lastKnownFileType = sourcecode.swift; path = Flat.swift; sourceTree = "<group>"; };
		42BB829F29EC510C00061CE1 /* EstateManager.swift */ = {isa = PBXFileReference; lastKnownFileType = sourcecode.swift; path = EstateManager.swift; sourceTree = "<group>"; };
		42BB82A329EC6E2F00061CE1 /* HouseView.swift */ = {isa = PBXFileReference; lastKnownFileType = sourcecode.swift; path = HouseView.swift; sourceTree = "<group>"; };
		42BB82A529EC750500061CE1 /* FlatView.swift */ = {isa = PBXFileReference; lastKnownFileType = sourcecode.swift; path = FlatView.swift; sourceTree = "<group>"; };
/* End PBXFileReference section */

/* Begin PBXFrameworksBuildPhase section */
		42BB828729EC4F2D00061CE1 /* Frameworks */ = {
			isa = PBXFrameworksBuildPhase;
			buildActionMask = 2147483647;
			files = (
			);
			runOnlyForDeploymentPostprocessing = 0;
		};
/* End PBXFrameworksBuildPhase section */

/* Begin PBXGroup section */
		42BB828129EC4F2C00061CE1 = {
			isa = PBXGroup;
			children = (
				42BB828C29EC4F2D00061CE1 /* Lab7_2 */,
				42BB828B29EC4F2D00061CE1 /* Products */,
			);
			sourceTree = "<group>";
		};
		42BB828B29EC4F2D00061CE1 /* Products */ = {
			isa = PBXGroup;
			children = (
				42BB828A29EC4F2D00061CE1 /* Lab7_2.app */,
			);
			name = Products;
			sourceTree = "<group>";
		};
		42BB828C29EC4F2D00061CE1 /* Lab7_2 */ = {
			isa = PBXGroup;
			children = (
				42BB828D29EC4F2D00061CE1 /* Lab7_2App.swift */,
				42BB828F29EC4F2D00061CE1 /* ContentView.swift */,
				42BB829129EC4F2D00061CE1 /* Assets.xcassets */,
				42BB829329EC4F2D00061CE1 /* Preview Content */,
				42BB829B29EC4F5000061CE1 /* House.swift */,
				42BB829D29EC507F00061CE1 /* Flat.swift */,
				42BB829F29EC510C00061CE1 /* EstateManager.swift */,
				42BB82A329EC6E2F00061CE1 /* HouseView.swift */,
				42BB82A529EC750500061CE1 /* FlatView.swift */,
			);
			path = Lab7_2;
			sourceTree = "<group>";
		};
		42BB829329EC4F2D00061CE1 /* Preview Content */ = {
			isa = PBXGroup;
			children = (
				42BB829429EC4F2D00061CE1 /* Preview Assets.xcassets */,
			);
			path = "Preview Content";
			sourceTree = "<group>";
		};
/* End PBXGroup section */

/* Begin PBXNativeTarget section */
		42BB828929EC4F2D00061CE1 /* Lab7_2 */ = {
			isa = PBXNativeTarget;
			buildConfigurationList = 42BB829829EC4F2D00061CE1 /* Build configuration list for PBXNativeTarget "Lab7_2" */;
			buildPhases = (
				42BB828629EC4F2D00061CE1 /* Sources */,
				42BB828729EC4F2D00061CE1 /* Frameworks */,
				42BB828829EC4F2D00061CE1 /* Resources */,
			);
			buildRules = (
			);
			dependencies = (
			);
			name = Lab7_2;
			productName = Lab7_2;
			productReference = 42BB828A29EC4F2D00061CE1 /* Lab7_2.app */;
			productType = "com.apple.product-type.application";
		};
/* End PBXNativeTarget section */

/* Begin PBXProject section */
		42BB828229EC4F2C00061CE1 /* Project object */ = {
			isa = PBXProject;
			attributes = {
				BuildIndependentTargetsInParallel = 1;
				LastSwiftUpdateCheck = 1420;
				LastUpgradeCheck = 1420;
				TargetAttributes = {
					42BB828929EC4F2D00061CE1 = {
						CreatedOnToolsVersion = 14.2;
					};
				};
			};
			buildConfigurationList = 42BB828529EC4F2C00061CE1 /* Build configuration list for PBXProject "Lab7_2" */;
			compatibilityVersion = "Xcode 14.0";
			developmentRegion = en;
			hasScannedForEncodings = 0;
			knownRegions = (
				en,
				Base,
			);
			mainGroup = 42BB828129EC4F2C00061CE1;
			productRefGroup = 42BB828B29EC4F2D00061CE1 /* Products */;
			projectDirPath = "";
			projectRoot = "";
			targets = (
				42BB828929EC4F2D00061CE1 /* Lab7_2 */,
			);
		};
/* End PBXProject section */

/* Begin PBXResourcesBuildPhase section */
		42BB828829EC4F2D00061CE1 /* Resources */ = {
			isa = PBXResourcesBuildPhase;
			buildActionMask = 2147483647;
			files = (
				42BB829529EC4F2D00061CE1 /* Preview Assets.xcassets in Resources */,
				42BB829229EC4F2D00061CE1 /* Assets.xcassets in Resources */,
			);
			runOnlyForDeploymentPostprocessing = 0;
		};
/* End PBXResourcesBuildPhase section */

/* Begin PBXSourcesBuildPhase section */
		42BB828629EC4F2D00061CE1 /* Sources */ = {
			isa = PBXSourcesBuildPhase;
			buildActionMask = 2147483647;
			files = (
				42BB829E29EC507F00061CE1 /* Flat.swift in Sources */,
				42BB829029EC4F2D00061CE1 /* ContentView.swift in Sources */,
				42BB82A629EC750500061CE1 /* FlatView.swift in Sources */,
				42BB829C29EC4F5000061CE1 /* House.swift in Sources */,
				42BB82A429EC6E2F00061CE1 /* HouseView.swift in Sources */,
				42BB828E29EC4F2D00061CE1 /* Lab7_2App.swift in Sources */,
				42BB82A029EC510C00061CE1 /* EstateManager.swift in Sources */,
			);
			runOnlyForDeploymentPostprocessing = 0;
		};
/* End PBXSourcesBuildPhase section */

/* Begin XCBuildConfiguration section */
		42BB829629EC4F2D00061CE1 /* Debug */ = {
			isa = XCBuildConfiguration;
			buildSettings = {
				ALWAYS_SEARCH_USER_PATHS = NO;
				CLANG_ANALYZER_NONNULL = YES;
				CLANG_ANALYZER_NUMBER_OBJECT_CONVERSION = YES_AGGRESSIVE;
				CLANG_CXX_LANGUAGE_STANDARD = "gnu++20";
				CLANG_ENABLE_MODULES = YES;
				CLANG_ENABLE_OBJC_ARC = YES;
				CLANG_ENABLE_OBJC_WEAK = YES;
				CLANG_WARN_BLOCK_CAPTURE_AUTORELEASING = YES;
				CLANG_WARN_BOOL_CONVERSION = YES;
				CLANG_WARN_COMMA = YES;
				CLANG_WARN_CONSTANT_CONVERSION = YES;
				CLANG_WARN_DEPRECATED_OBJC_IMPLEMENTATIONS = YES;
				CLANG_WARN_DIRECT_OBJC_ISA_USAGE = YES_ERROR;
				CLANG_WARN_DOCUMENTATION_COMMENTS = YES;
				CLANG_WARN_EMPTY_BODY = YES;
				CLANG_WARN_ENUM_CONVERSION = YES;
				CLANG_WARN_INFINITE_RECURSION = YES;
				CLANG_WARN_INT_CONVERSION = YES;
				CLANG_WARN_NON_LITERAL_NULL_CONVERSION = YES;
				CLANG_WARN_OBJC_IMPLICIT_RETAIN_SELF = YES;
				CLANG_WARN_OBJC_LITERAL_CONVERSION = YES;
				CLANG_WARN_OBJC_ROOT_CLASS = YES_ERROR;
				CLANG_WARN_QUOTED_INCLUDE_IN_FRAMEWORK_HEADER = YES;
				CLANG_WARN_RANGE_LOOP_ANALYSIS = YES;
				CLANG_WARN_STRICT_PROTOTYPES = YES;
				CLANG_WARN_SUSPICIOUS_MOVE = YES;
				CLANG_WARN_UNGUARDED_AVAILABILITY = YES_AGGRESSIVE;
				CLANG_WARN_UNREACHABLE_CODE = YES;
				CLANG_WARN__DUPLICATE_METHOD_MATCH = YES;
				COPY_PHASE_STRIP = NO;
				DEBUG_INFORMATION_FORMAT = dwarf;
				ENABLE_STRICT_OBJC_MSGSEND = YES;
				ENABLE_TESTABILITY = YES;
				GCC_C_LANGUAGE_STANDARD = gnu11;
				GCC_DYNAMIC_NO_PIC = NO;
				GCC_NO_COMMON_BLOCKS = YES;
				GCC_OPTIMIZATION_LEVEL = 0;
				GCC_PREPROCESSOR_DEFINITIONS = (
					"DEBUG=1",
					"$(inherited)",
				);
				GCC_WARN_64_TO_32_BIT_CONVERSION = YES;
				GCC_WARN_ABOUT_RETURN_TYPE = YES_ERROR;
				GCC_WARN_UNDECLARED_SELECTOR = YES;
				GCC_WARN_UNINITIALIZED_AUTOS = YES_AGGRESSIVE;
				GCC_WARN_UNUSED_FUNCTION = YES;
				GCC_WARN_UNUSED_VARIABLE = YES;
				IPHONEOS_DEPLOYMENT_TARGET = 16.2;
				MTL_ENABLE_DEBUG_INFO = INCLUDE_SOURCE;
				MTL_FAST_MATH = YES;
				ONLY_ACTIVE_ARCH = YES;
				SDKROOT = iphoneos;
				SWIFT_ACTIVE_COMPILATION_CONDITIONS = DEBUG;
				SWIFT_OPTIMIZATION_LEVEL = "-Onone";
			};
			name = Debug;
		};
		42BB829729EC4F2D00061CE1 /* Release */ = {
			isa = XCBuildConfiguration;
			buildSettings = {
				ALWAYS_SEARCH_USER_PATHS = NO;
				CLANG_ANALYZER_NONNULL = YES;
				CLANG_ANALYZER_NUMBER_OBJECT_CONVERSION = YES_AGGRESSIVE;
				CLANG_CXX_LANGUAGE_STANDARD = "gnu++20";
				CLANG_ENABLE_MODULES = YES;
				CLANG_ENABLE_OBJC_ARC = YES;
				CLANG_ENABLE_OBJC_WEAK = YES;
				CLANG_WARN_BLOCK_CAPTURE_AUTORELEASING = YES;
				CLANG_WARN_BOOL_CONVERSION = YES;
				CLANG_WARN_COMMA = YES;
				CLANG_WARN_CONSTANT_CONVERSION = YES;
				CLANG_WARN_DEPRECATED_OBJC_IMPLEMENTATIONS = YES;
				CLANG_WARN_DIRECT_OBJC_ISA_USAGE = YES_ERROR;
				CLANG_WARN_DOCUMENTATION_COMMENTS = YES;
				CLANG_WARN_EMPTY_BODY = YES;
				CLANG_WARN_ENUM_CONVERSION = YES;
				CLANG_WARN_INFINITE_RECURSION = YES;
				CLANG_WARN_INT_CONVERSION = YES;
				CLANG_WARN_NON_LITERAL_NULL_CONVERSION = YES;
				CLANG_WARN_OBJC_IMPLICIT_RETAIN_SELF = YES;
				CLANG_WARN_OBJC_LITERAL_CONVERSION = YES;
				CLANG_WARN_OBJC_ROOT_CLASS = YES_ERROR;
				CLANG_WARN_QUOTED_INCLUDE_IN_FRAMEWORK_HEADER = YES;
				CLANG_WARN_RANGE_LOOP_ANALYSIS = YES;
				CLANG_WARN_STRICT_PROTOTYPES = YES;
				CLANG_WARN_SUSPICIOUS_MOVE = YES;
				CLANG_WARN_UNGUARDED_AVAILABILITY = YES_AGGRESSIVE;
				CLANG_WARN_UNREACHABLE_CODE = YES;
				CLANG_WARN__DUPLICATE_METHOD_MATCH = YES;
				COPY_PHASE_STRIP = NO;
				DEBUG_INFORMATION_FORMAT = "dwarf-with-dsym";
				ENABLE_NS_ASSERTIONS = NO;
				ENABLE_STRICT_OBJC_MSGSEND = YES;
				GCC_C_LANGUAGE_STANDARD = gnu11;
				GCC_NO_COMMON_BLOCKS = YES;
				GCC_WARN_64_TO_32_BIT_CONVERSION = YES;
				GCC_WARN_ABOUT_RETURN_TYPE = YES_ERROR;
				GCC_WARN_UNDECLARED_SELECTOR = YES;
				GCC_WARN_UNINITIALIZED_AUTOS = YES_AGGRESSIVE;
				GCC_WARN_UNUSED_FUNCTION = YES;
				GCC_WARN_UNUSED_VARIABLE = YES;
				IPHONEOS_DEPLOYMENT_TARGET = 16.2;
				MTL_ENABLE_DEBUG_INFO = NO;
				MTL_FAST_MATH = YES;
				SDKROOT = iphoneos;
				SWIFT_COMPILATION_MODE = wholemodule;
				SWIFT_OPTIMIZATION_LEVEL = "-O";
				VALIDATE_PRODUCT = YES;
			};
			name = Release;
		};
		42BB829929EC4F2D00061CE1 /* Debug */ = {
			isa = XCBuildConfiguration;
			buildSettings = {
				ASSETCATALOG_COMPILER_APPICON_NAME = AppIcon;
				ASSETCATALOG_COMPILER_GLOBAL_ACCENT_COLOR_NAME = AccentColor;
				CODE_SIGN_STYLE = Automatic;
				CURRENT_PROJECT_VERSION = 1;
				DEVELOPMENT_ASSET_PATHS = "\"Lab7_2/Preview Content\"";
				ENABLE_PREVIEWS = YES;
				GENERATE_INFOPLIST_FILE = YES;
				INFOPLIST_KEY_UIApplicationSceneManifest_Generation = YES;
				INFOPLIST_KEY_UIApplicationSupportsIndirectInputEvents = YES;
				INFOPLIST_KEY_UILaunchScreen_Generation = YES;
				INFOPLIST_KEY_UISupportedInterfaceOrientations_iPad = "UIInterfaceOrientationPortrait UIInterfaceOrientationPortraitUpsideDown UIInterfaceOrientationLandscapeLeft UIInterfaceOrientationLandscapeRight";
				INFOPLIST_KEY_UISupportedInterfaceOrientations_iPhone = "UIInterfaceOrientationPortrait UIInterfaceOrientationLandscapeLeft UIInterfaceOrientationLandscapeRight";
				LD_RUNPATH_SEARCH_PATHS = (
					"$(inherited)",
					"@executable_path/Frameworks",
				);
				MARKETING_VERSION = 1.0;
				PRODUCT_BUNDLE_IDENTIFIER = "m.Lab7-2";
				PRODUCT_NAME = "$(TARGET_NAME)";
				SWIFT_EMIT_LOC_STRINGS = YES;
				SWIFT_VERSION = 5.0;
				TARGETED_DEVICE_FAMILY = "1,2";
			};
			name = Debug;
		};
		42BB829A29EC4F2D00061CE1 /* Release */ = {
			isa = XCBuildConfiguration;
			buildSettings = {
				ASSETCATALOG_COMPILER_APPICON_NAME = AppIcon;
				ASSETCATALOG_COMPILER_GLOBAL_ACCENT_COLOR_NAME = AccentColor;
				CODE_SIGN_STYLE = Automatic;
				CURRENT_PROJECT_VERSION = 1;
				DEVELOPMENT_ASSET_PATHS = "\"Lab7_2/Preview Content\"";
				ENABLE_PREVIEWS = YES;
				GENERATE_INFOPLIST_FILE = YES;
				INFOPLIST_KEY_UIApplicationSceneManifest_Generation = YES;
				INFOPLIST_KEY_UIApplicationSupportsIndirectInputEvents = YES;
				INFOPLIST_KEY_UILaunchScreen_Generation = YES;
				INFOPLIST_KEY_UISupportedInterfaceOrientations_iPad = "UIInterfaceOrientationPortrait UIInterfaceOrientationPortraitUpsideDown UIInterfaceOrientationLandscapeLeft UIInterfaceOrientationLandscapeRight";
				INFOPLIST_KEY_UISupportedInterfaceOrientations_iPhone = "UIInterfaceOrientationPortrait UIInterfaceOrientationLandscapeLeft UIInterfaceOrientationLandscapeRight";
				LD_RUNPATH_SEARCH_PATHS = (
					"$(inherited)",
					"@executable_path/Frameworks",
				);
				MARKETING_VERSION = 1.0;
				PRODUCT_BUNDLE_IDENTIFIER = "m.Lab7-2";
				PRODUCT_NAME = "$(TARGET_NAME)";
				SWIFT_EMIT_LOC_STRINGS = YES;
				SWIFT_VERSION = 5.0;
				TARGETED_DEVICE_FAMILY = "1,2";
			};
			name = Release;
		};
/* End XCBuildConfiguration section */

/* Begin XCConfigurationList section */
		42BB828529EC4F2C00061CE1 /* Build configuration list for PBXProject "Lab7_2" */ = {
			isa = XCConfigurationList;
			buildConfigurations = (
				42BB829629EC4F2D00061CE1 /* Debug */,
				42BB829729EC4F2D00061CE1 /* Release */,
			);
			defaultConfigurationIsVisible = 0;
			defaultConfigurationName = Release;
		};
		42BB829829EC4F2D00061CE1 /* Build configuration list for PBXNativeTarget "Lab7_2" */ = {
			isa = XCConfigurationList;
			buildConfigurations = (
				42BB829929EC4F2D00061CE1 /* Debug */,
				42BB829A29EC4F2D00061CE1 /* Release */,
			);
			defaultConfigurationIsVisible = 0;
			defaultConfigurationName = Release;
		};
/* End XCConfigurationList section */
	};
	rootObject = 42BB828229EC4F2C00061CE1 /* Project object */;
}
