// !$*UTF8*$!
{
	archiveVersion = 1;
	classes = {
	};
	objectVersion = 56;
	objects = {

/* Begin PBXBuildFile section */
		427127D32A1C91CE00456A87 /* Lab11App.swift in Sources */ = {isa = PBXBuildFile; fileRef = 427127D22A1C91CE00456A87 /* Lab11App.swift */; };
		427127D52A1C91CE00456A87 /* ContentView.swift in Sources */ = {isa = PBXBuildFile; fileRef = 427127D42A1C91CE00456A87 /* ContentView.swift */; };
		427127D72A1C91D000456A87 /* Assets.xcassets in Resources */ = {isa = PBXBuildFile; fileRef = 427127D62A1C91D000456A87 /* Assets.xcassets */; };
		427127DA2A1C91D000456A87 /* Preview Assets.xcassets in Resources */ = {isa = PBXBuildFile; fileRef = 427127D92A1C91D000456A87 /* Preview Assets.xcassets */; };
		427127DC2A1C91D000456A87 /* Persistence.swift in Sources */ = {isa = PBXBuildFile; fileRef = 427127DB2A1C91D000456A87 /* Persistence.swift */; };
		427127DF2A1C91D000456A87 /* Lab11.xcdatamodeld in Sources */ = {isa = PBXBuildFile; fileRef = 427127DD2A1C91D000456A87 /* Lab11.xcdatamodeld */; };
		427127F92A1C947A00456A87 /* Breed+CoreDataClass.swift in Sources */ = {isa = PBXBuildFile; fileRef = 427127F52A1C947A00456A87 /* Breed+CoreDataClass.swift */; };
		427127FA2A1C947A00456A87 /* Breed+CoreDataProperties.swift in Sources */ = {isa = PBXBuildFile; fileRef = 427127F62A1C947A00456A87 /* Breed+CoreDataProperties.swift */; };
		427127FB2A1C947A00456A87 /* Dog+CoreDataClass.swift in Sources */ = {isa = PBXBuildFile; fileRef = 427127F72A1C947A00456A87 /* Dog+CoreDataClass.swift */; };
		427127FC2A1C947A00456A87 /* Dog+CoreDataProperties.swift in Sources */ = {isa = PBXBuildFile; fileRef = 427127F82A1C947A00456A87 /* Dog+CoreDataProperties.swift */; };
		42EEE0B22A2237DC004C2E2A /* EditDogView.swift in Sources */ = {isa = PBXBuildFile; fileRef = 42EEE0B12A2237DB004C2E2A /* EditDogView.swift */; };
/* End PBXBuildFile section */

/* Begin PBXFileReference section */
		427127CF2A1C91CE00456A87 /* Lab11.app */ = {isa = PBXFileReference; explicitFileType = wrapper.application; includeInIndex = 0; path = Lab11.app; sourceTree = BUILT_PRODUCTS_DIR; };
		427127D22A1C91CE00456A87 /* Lab11App.swift */ = {isa = PBXFileReference; lastKnownFileType = sourcecode.swift; path = Lab11App.swift; sourceTree = "<group>"; };
		427127D42A1C91CE00456A87 /* ContentView.swift */ = {isa = PBXFileReference; lastKnownFileType = sourcecode.swift; path = ContentView.swift; sourceTree = "<group>"; };
		427127D62A1C91D000456A87 /* Assets.xcassets */ = {isa = PBXFileReference; lastKnownFileType = folder.assetcatalog; path = Assets.xcassets; sourceTree = "<group>"; };
		427127D92A1C91D000456A87 /* Preview Assets.xcassets */ = {isa = PBXFileReference; lastKnownFileType = folder.assetcatalog; path = "Preview Assets.xcassets"; sourceTree = "<group>"; };
		427127DB2A1C91D000456A87 /* Persistence.swift */ = {isa = PBXFileReference; lastKnownFileType = sourcecode.swift; path = Persistence.swift; sourceTree = "<group>"; };
		427127DE2A1C91D000456A87 /* Lab11.xcdatamodel */ = {isa = PBXFileReference; lastKnownFileType = wrapper.xcdatamodel; path = Lab11.xcdatamodel; sourceTree = "<group>"; };
		427127F52A1C947A00456A87 /* Breed+CoreDataClass.swift */ = {isa = PBXFileReference; lastKnownFileType = sourcecode.swift; path = "Breed+CoreDataClass.swift"; sourceTree = SOURCE_ROOT; };
		427127F62A1C947A00456A87 /* Breed+CoreDataProperties.swift */ = {isa = PBXFileReference; lastKnownFileType = sourcecode.swift; path = "Breed+CoreDataProperties.swift"; sourceTree = SOURCE_ROOT; };
		427127F72A1C947A00456A87 /* Dog+CoreDataClass.swift */ = {isa = PBXFileReference; lastKnownFileType = sourcecode.swift; path = "Dog+CoreDataClass.swift"; sourceTree = SOURCE_ROOT; };
		427127F82A1C947A00456A87 /* Dog+CoreDataProperties.swift */ = {isa = PBXFileReference; lastKnownFileType = sourcecode.swift; path = "Dog+CoreDataProperties.swift"; sourceTree = SOURCE_ROOT; };
		42EEE0B12A2237DB004C2E2A /* EditDogView.swift */ = {isa = PBXFileReference; lastKnownFileType = sourcecode.swift; path = EditDogView.swift; sourceTree = "<group>"; };
/* End PBXFileReference section */

/* Begin PBXFrameworksBuildPhase section */
		427127CC2A1C91CE00456A87 /* Frameworks */ = {
			isa = PBXFrameworksBuildPhase;
			buildActionMask = 2147483647;
			files = (
			);
			runOnlyForDeploymentPostprocessing = 0;
		};
/* End PBXFrameworksBuildPhase section */

/* Begin PBXGroup section */
		427127C62A1C91CE00456A87 = {
			isa = PBXGroup;
			children = (
				427127D12A1C91CE00456A87 /* Lab11 */,
				427127D02A1C91CE00456A87 /* Products */,
			);
			sourceTree = "<group>";
		};
		427127D02A1C91CE00456A87 /* Products */ = {
			isa = PBXGroup;
			children = (
				427127CF2A1C91CE00456A87 /* Lab11.app */,
			);
			name = Products;
			sourceTree = "<group>";
		};
		427127D12A1C91CE00456A87 /* Lab11 */ = {
			isa = PBXGroup;
			children = (
				427127F52A1C947A00456A87 /* Breed+CoreDataClass.swift */,
				427127F62A1C947A00456A87 /* Breed+CoreDataProperties.swift */,
				427127F72A1C947A00456A87 /* Dog+CoreDataClass.swift */,
				427127F82A1C947A00456A87 /* Dog+CoreDataProperties.swift */,
				427127D22A1C91CE00456A87 /* Lab11App.swift */,
				427127D42A1C91CE00456A87 /* ContentView.swift */,
				427127D62A1C91D000456A87 /* Assets.xcassets */,
				427127DB2A1C91D000456A87 /* Persistence.swift */,
				427127DD2A1C91D000456A87 /* Lab11.xcdatamodeld */,
				427127D82A1C91D000456A87 /* Preview Content */,
				42EEE0B12A2237DB004C2E2A /* EditDogView.swift */,
			);
			path = Lab11;
			sourceTree = "<group>";
		};
		427127D82A1C91D000456A87 /* Preview Content */ = {
			isa = PBXGroup;
			children = (
				427127D92A1C91D000456A87 /* Preview Assets.xcassets */,
			);
			path = "Preview Content";
			sourceTree = "<group>";
		};
/* End PBXGroup section */

/* Begin PBXNativeTarget section */
		427127CE2A1C91CE00456A87 /* Lab11 */ = {
			isa = PBXNativeTarget;
			buildConfigurationList = 427127E22A1C91D000456A87 /* Build configuration list for PBXNativeTarget "Lab11" */;
			buildPhases = (
				427127CB2A1C91CE00456A87 /* Sources */,
				427127CC2A1C91CE00456A87 /* Frameworks */,
				427127CD2A1C91CE00456A87 /* Resources */,
			);
			buildRules = (
			);
			dependencies = (
			);
			name = Lab11;
			productName = Lab11;
			productReference = 427127CF2A1C91CE00456A87 /* Lab11.app */;
			productType = "com.apple.product-type.application";
		};
/* End PBXNativeTarget section */

/* Begin PBXProject section */
		427127C72A1C91CE00456A87 /* Project object */ = {
			isa = PBXProject;
			attributes = {
				BuildIndependentTargetsInParallel = 1;
				LastSwiftUpdateCheck = 1420;
				LastUpgradeCheck = 1420;
				TargetAttributes = {
					427127CE2A1C91CE00456A87 = {
						CreatedOnToolsVersion = 14.2;
					};
				};
			};
			buildConfigurationList = 427127CA2A1C91CE00456A87 /* Build configuration list for PBXProject "Lab11" */;
			compatibilityVersion = "Xcode 14.0";
			developmentRegion = en;
			hasScannedForEncodings = 0;
			knownRegions = (
				en,
				Base,
			);
			mainGroup = 427127C62A1C91CE00456A87;
			productRefGroup = 427127D02A1C91CE00456A87 /* Products */;
			projectDirPath = "";
			projectRoot = "";
			targets = (
				427127CE2A1C91CE00456A87 /* Lab11 */,
			);
		};
/* End PBXProject section */

/* Begin PBXResourcesBuildPhase section */
		427127CD2A1C91CE00456A87 /* Resources */ = {
			isa = PBXResourcesBuildPhase;
			buildActionMask = 2147483647;
			files = (
				427127DA2A1C91D000456A87 /* Preview Assets.xcassets in Resources */,
				427127D72A1C91D000456A87 /* Assets.xcassets in Resources */,
			);
			runOnlyForDeploymentPostprocessing = 0;
		};
/* End PBXResourcesBuildPhase section */

/* Begin PBXSourcesBuildPhase section */
		427127CB2A1C91CE00456A87 /* Sources */ = {
			isa = PBXSourcesBuildPhase;
			buildActionMask = 2147483647;
			files = (
				427127DC2A1C91D000456A87 /* Persistence.swift in Sources */,
				427127D52A1C91CE00456A87 /* ContentView.swift in Sources */,
				427127D32A1C91CE00456A87 /* Lab11App.swift in Sources */,
				42EEE0B22A2237DC004C2E2A /* EditDogView.swift in Sources */,
				427127DF2A1C91D000456A87 /* Lab11.xcdatamodeld in Sources */,
				427127FC2A1C947A00456A87 /* Dog+CoreDataProperties.swift in Sources */,
				427127FA2A1C947A00456A87 /* Breed+CoreDataProperties.swift in Sources */,
				427127F92A1C947A00456A87 /* Breed+CoreDataClass.swift in Sources */,
				427127FB2A1C947A00456A87 /* Dog+CoreDataClass.swift in Sources */,
			);
			runOnlyForDeploymentPostprocessing = 0;
		};
/* End PBXSourcesBuildPhase section */

/* Begin XCBuildConfiguration section */
		427127E02A1C91D000456A87 /* Debug */ = {
			isa = XCBuildConfiguration;
			buildSettings = {
				ALWAYS_SEARCH_USER_PATHS = NO;
				CLANG_ANALYZER_NONNULL = YES;
				CLANG_ANALYZER_NUMBER_OBJECT_CONVERSION = YES_AGGRESSIVE;
				CLANG_CXX_LANGUAGE_STANDARD = "gnu++20";
				CLANG_ENABLE_MODULES = YES;
				CLANG_ENABLE_OBJC_ARC = YES;
				CLANG_ENABLE_OBJC_WEAK = YES;
				CLANG_WARN_BLOCK_CAPTURE_AUTORELEASING = YES;
				CLANG_WARN_BOOL_CONVERSION = YES;
				CLANG_WARN_COMMA = YES;
				CLANG_WARN_CONSTANT_CONVERSION = YES;
				CLANG_WARN_DEPRECATED_OBJC_IMPLEMENTATIONS = YES;
				CLANG_WARN_DIRECT_OBJC_ISA_USAGE = YES_ERROR;
				CLANG_WARN_DOCUMENTATION_COMMENTS = YES;
				CLANG_WARN_EMPTY_BODY = YES;
				CLANG_WARN_ENUM_CONVERSION = YES;
				CLANG_WARN_INFINITE_RECURSION = YES;
				CLANG_WARN_INT_CONVERSION = YES;
				CLANG_WARN_NON_LITERAL_NULL_CONVERSION = YES;
				CLANG_WARN_OBJC_IMPLICIT_RETAIN_SELF = YES;
				CLANG_WARN_OBJC_LITERAL_CONVERSION = YES;
				CLANG_WARN_OBJC_ROOT_CLASS = YES_ERROR;
				CLANG_WARN_QUOTED_INCLUDE_IN_FRAMEWORK_HEADER = YES;
				CLANG_WARN_RANGE_LOOP_ANALYSIS = YES;
				CLANG_WARN_STRICT_PROTOTYPES = YES;
				CLANG_WARN_SUSPICIOUS_MOVE = YES;
				CLANG_WARN_UNGUARDED_AVAILABILITY = YES_AGGRESSIVE;
				CLANG_WARN_UNREACHABLE_CODE = YES;
				CLANG_WARN__DUPLICATE_METHOD_MATCH = YES;
				COPY_PHASE_STRIP = NO;
				DEBUG_INFORMATION_FORMAT = dwarf;
				ENABLE_STRICT_OBJC_MSGSEND = YES;
				ENABLE_TESTABILITY = YES;
				GCC_C_LANGUAGE_STANDARD = gnu11;
				GCC_DYNAMIC_NO_PIC = NO;
				GCC_NO_COMMON_BLOCKS = YES;
				GCC_OPTIMIZATION_LEVEL = 0;
				GCC_PREPROCESSOR_DEFINITIONS = (
					"DEBUG=1",
					"$(inherited)",
				);
				GCC_WARN_64_TO_32_BIT_CONVERSION = YES;
				GCC_WARN_ABOUT_RETURN_TYPE = YES_ERROR;
				GCC_WARN_UNDECLARED_SELECTOR = YES;
				GCC_WARN_UNINITIALIZED_AUTOS = YES_AGGRESSIVE;
				GCC_WARN_UNUSED_FUNCTION = YES;
				GCC_WARN_UNUSED_VARIABLE = YES;
				IPHONEOS_DEPLOYMENT_TARGET = 16.2;
				MTL_ENABLE_DEBUG_INFO = INCLUDE_SOURCE;
				MTL_FAST_MATH = YES;
				ONLY_ACTIVE_ARCH = YES;
				SDKROOT = iphoneos;
				SWIFT_ACTIVE_COMPILATION_CONDITIONS = DEBUG;
				SWIFT_OPTIMIZATION_LEVEL = "-Onone";
			};
			name = Debug;
		};
		427127E12A1C91D000456A87 /* Release */ = {
			isa = XCBuildConfiguration;
			buildSettings = {
				ALWAYS_SEARCH_USER_PATHS = NO;
				CLANG_ANALYZER_NONNULL = YES;
				CLANG_ANALYZER_NUMBER_OBJECT_CONVERSION = YES_AGGRESSIVE;
				CLANG_CXX_LANGUAGE_STANDARD = "gnu++20";
				CLANG_ENABLE_MODULES = YES;
				CLANG_ENABLE_OBJC_ARC = YES;
				CLANG_ENABLE_OBJC_WEAK = YES;
				CLANG_WARN_BLOCK_CAPTURE_AUTORELEASING = YES;
				CLANG_WARN_BOOL_CONVERSION = YES;
				CLANG_WARN_COMMA = YES;
				CLANG_WARN_CONSTANT_CONVERSION = YES;
				CLANG_WARN_DEPRECATED_OBJC_IMPLEMENTATIONS = YES;
				CLANG_WARN_DIRECT_OBJC_ISA_USAGE = YES_ERROR;
				CLANG_WARN_DOCUMENTATION_COMMENTS = YES;
				CLANG_WARN_EMPTY_BODY = YES;
				CLANG_WARN_ENUM_CONVERSION = YES;
				CLANG_WARN_INFINITE_RECURSION = YES;
				CLANG_WARN_INT_CONVERSION = YES;
				CLANG_WARN_NON_LITERAL_NULL_CONVERSION = YES;
				CLANG_WARN_OBJC_IMPLICIT_RETAIN_SELF = YES;
				CLANG_WARN_OBJC_LITERAL_CONVERSION = YES;
				CLANG_WARN_OBJC_ROOT_CLASS = YES_ERROR;
				CLANG_WARN_QUOTED_INCLUDE_IN_FRAMEWORK_HEADER = YES;
				CLANG_WARN_RANGE_LOOP_ANALYSIS = YES;
				CLANG_WARN_STRICT_PROTOTYPES = YES;
				CLANG_WARN_SUSPICIOUS_MOVE = YES;
				CLANG_WARN_UNGUARDED_AVAILABILITY = YES_AGGRESSIVE;
				CLANG_WARN_UNREACHABLE_CODE = YES;
				CLANG_WARN__DUPLICATE_METHOD_MATCH = YES;
				COPY_PHASE_STRIP = NO;
				DEBUG_INFORMATION_FORMAT = "dwarf-with-dsym";
				ENABLE_NS_ASSERTIONS = NO;
				ENABLE_STRICT_OBJC_MSGSEND = YES;
				GCC_C_LANGUAGE_STANDARD = gnu11;
				GCC_NO_COMMON_BLOCKS = YES;
				GCC_WARN_64_TO_32_BIT_CONVERSION = YES;
				GCC_WARN_ABOUT_RETURN_TYPE = YES_ERROR;
				GCC_WARN_UNDECLARED_SELECTOR = YES;
				GCC_WARN_UNINITIALIZED_AUTOS = YES_AGGRESSIVE;
				GCC_WARN_UNUSED_FUNCTION = YES;
				GCC_WARN_UNUSED_VARIABLE = YES;
				IPHONEOS_DEPLOYMENT_TARGET = 16.2;
				MTL_ENABLE_DEBUG_INFO = NO;
				MTL_FAST_MATH = YES;
				SDKROOT = iphoneos;
				SWIFT_COMPILATION_MODE = wholemodule;
				SWIFT_OPTIMIZATION_LEVEL = "-O";
				VALIDATE_PRODUCT = YES;
			};
			name = Release;
		};
		427127E32A1C91D000456A87 /* Debug */ = {
			isa = XCBuildConfiguration;
			buildSettings = {
				ASSETCATALOG_COMPILER_APPICON_NAME = AppIcon;
				ASSETCATALOG_COMPILER_GLOBAL_ACCENT_COLOR_NAME = AccentColor;
				CODE_SIGN_STYLE = Automatic;
				CURRENT_PROJECT_VERSION = 1;
				DEVELOPMENT_ASSET_PATHS = "\"Lab11/Preview Content\"";
				ENABLE_PREVIEWS = YES;
				GENERATE_INFOPLIST_FILE = YES;
				INFOPLIST_KEY_UIApplicationSceneManifest_Generation = YES;
				INFOPLIST_KEY_UIApplicationSupportsIndirectInputEvents = YES;
				INFOPLIST_KEY_UILaunchScreen_Generation = YES;
				INFOPLIST_KEY_UISupportedInterfaceOrientations_iPad = "UIInterfaceOrientationPortrait UIInterfaceOrientationPortraitUpsideDown UIInterfaceOrientationLandscapeLeft UIInterfaceOrientationLandscapeRight";
				INFOPLIST_KEY_UISupportedInterfaceOrientations_iPhone = "UIInterfaceOrientationPortrait UIInterfaceOrientationLandscapeLeft UIInterfaceOrientationLandscapeRight";
				LD_RUNPATH_SEARCH_PATHS = (
					"$(inherited)",
					"@executable_path/Frameworks",
				);
				MARKETING_VERSION = 1.0;
				PRODUCT_BUNDLE_IDENTIFIER = m.Lab11;
				PRODUCT_NAME = "$(TARGET_NAME)";
				SWIFT_EMIT_LOC_STRINGS = YES;
				SWIFT_VERSION = 5.0;
				TARGETED_DEVICE_FAMILY = "1,2";
			};
			name = Debug;
		};
		427127E42A1C91D000456A87 /* Release */ = {
			isa = XCBuildConfiguration;
			buildSettings = {
				ASSETCATALOG_COMPILER_APPICON_NAME = AppIcon;
				ASSETCATALOG_COMPILER_GLOBAL_ACCENT_COLOR_NAME = AccentColor;
				CODE_SIGN_STYLE = Automatic;
				CURRENT_PROJECT_VERSION = 1;
				DEVELOPMENT_ASSET_PATHS = "\"Lab11/Preview Content\"";
				ENABLE_PREVIEWS = YES;
				GENERATE_INFOPLIST_FILE = YES;
				INFOPLIST_KEY_UIApplicationSceneManifest_Generation = YES;
				INFOPLIST_KEY_UIApplicationSupportsIndirectInputEvents = YES;
				INFOPLIST_KEY_UILaunchScreen_Generation = YES;
				INFOPLIST_KEY_UISupportedInterfaceOrientations_iPad = "UIInterfaceOrientationPortrait UIInterfaceOrientationPortraitUpsideDown UIInterfaceOrientationLandscapeLeft UIInterfaceOrientationLandscapeRight";
				INFOPLIST_KEY_UISupportedInterfaceOrientations_iPhone = "UIInterfaceOrientationPortrait UIInterfaceOrientationLandscapeLeft UIInterfaceOrientationLandscapeRight";
				LD_RUNPATH_SEARCH_PATHS = (
					"$(inherited)",
					"@executable_path/Frameworks",
				);
				MARKETING_VERSION = 1.0;
				PRODUCT_BUNDLE_IDENTIFIER = m.Lab11;
				PRODUCT_NAME = "$(TARGET_NAME)";
				SWIFT_EMIT_LOC_STRINGS = YES;
				SWIFT_VERSION = 5.0;
				TARGETED_DEVICE_FAMILY = "1,2";
			};
			name = Release;
		};
/* End XCBuildConfiguration section */

/* Begin XCConfigurationList section */
		427127CA2A1C91CE00456A87 /* Build configuration list for PBXProject "Lab11" */ = {
			isa = XCConfigurationList;
			buildConfigurations = (
				427127E02A1C91D000456A87 /* Debug */,
				427127E12A1C91D000456A87 /* Release */,
			);
			defaultConfigurationIsVisible = 0;
			defaultConfigurationName = Release;
		};
		427127E22A1C91D000456A87 /* Build configuration list for PBXNativeTarget "Lab11" */ = {
			isa = XCConfigurationList;
			buildConfigurations = (
				427127E32A1C91D000456A87 /* Debug */,
				427127E42A1C91D000456A87 /* Release */,
			);
			defaultConfigurationIsVisible = 0;
			defaultConfigurationName = Release;
		};
/* End XCConfigurationList section */

/* Begin XCVersionGroup section */
		427127DD2A1C91D000456A87 /* Lab11.xcdatamodeld */ = {
			isa = XCVersionGroup;
			children = (
				427127DE2A1C91D000456A87 /* Lab11.xcdatamodel */,
			);
			currentVersion = 427127DE2A1C91D000456A87 /* Lab11.xcdatamodel */;
			path = Lab11.xcdatamodeld;
			sourceTree = "<group>";
			versionGroupType = wrapper.xcdatamodel;
		};
/* End XCVersionGroup section */
	};
	rootObject = 427127C72A1C91CE00456A87 /* Project object */;
}
