// !$*UTF8*$!
{
	archiveVersion = 1;
	classes = {
	};
	objectVersion = 56;
	objects = {

/* Begin PBXBuildFile section */
		423480B12A3846C600F566BF /* ProjektApp.swift in Sources */ = {isa = PBXBuildFile; fileRef = 423480B02A3846C600F566BF /* ProjektApp.swift */; };
		423480B32A3846C600F566BF /* ContentView.swift in Sources */ = {isa = PBXBuildFile; fileRef = 423480B22A3846C600F566BF /* ContentView.swift */; };
		423480B52A3846C700F566BF /* Assets.xcassets in Resources */ = {isa = PBXBuildFile; fileRef = 423480B42A3846C700F566BF /* Assets.xcassets */; };
		423480B82A3846C700F566BF /* Preview Assets.xcassets in Resources */ = {isa = PBXBuildFile; fileRef = 423480B72A3846C700F566BF /* Preview Assets.xcassets */; };
		423480BA2A3846C700F566BF /* Persistence.swift in Sources */ = {isa = PBXBuildFile; fileRef = 423480B92A3846C700F566BF /* Persistence.swift */; };
		423480BD2A3846C700F566BF /* Projekt.xcdatamodeld in Sources */ = {isa = PBXBuildFile; fileRef = 423480BB2A3846C700F566BF /* Projekt.xcdatamodeld */; };
		423480CA2A3847BB00F566BF /* About.swift in Sources */ = {isa = PBXBuildFile; fileRef = 423480C92A3847BB00F566BF /* About.swift */; };
		423480CC2A3847DA00F566BF /* Koszyk.swift in Sources */ = {isa = PBXBuildFile; fileRef = 423480CB2A3847DA00F566BF /* Koszyk.swift */; };
		423480E72A384DC400F566BF /* Smak+CoreDataClass.swift in Sources */ = {isa = PBXBuildFile; fileRef = 423480E52A384DC400F566BF /* Smak+CoreDataClass.swift */; };
		423480E82A384DC400F566BF /* Smak+CoreDataProperties.swift in Sources */ = {isa = PBXBuildFile; fileRef = 423480E62A384DC400F566BF /* Smak+CoreDataProperties.swift */; };
/* End PBXBuildFile section */

/* Begin PBXFileReference section */
		423480AD2A3846C600F566BF /* Projekt.app */ = {isa = PBXFileReference; explicitFileType = wrapper.application; includeInIndex = 0; path = Projekt.app; sourceTree = BUILT_PRODUCTS_DIR; };
		423480B02A3846C600F566BF /* ProjektApp.swift */ = {isa = PBXFileReference; lastKnownFileType = sourcecode.swift; path = ProjektApp.swift; sourceTree = "<group>"; };
		423480B22A3846C600F566BF /* ContentView.swift */ = {isa = PBXFileReference; lastKnownFileType = sourcecode.swift; path = ContentView.swift; sourceTree = "<group>"; };
		423480B42A3846C700F566BF /* Assets.xcassets */ = {isa = PBXFileReference; lastKnownFileType = folder.assetcatalog; path = Assets.xcassets; sourceTree = "<group>"; };
		423480B72A3846C700F566BF /* Preview Assets.xcassets */ = {isa = PBXFileReference; lastKnownFileType = folder.assetcatalog; path = "Preview Assets.xcassets"; sourceTree = "<group>"; };
		423480B92A3846C700F566BF /* Persistence.swift */ = {isa = PBXFileReference; lastKnownFileType = sourcecode.swift; path = Persistence.swift; sourceTree = "<group>"; };
		423480BC2A3846C700F566BF /* Projekt.xcdatamodel */ = {isa = PBXFileReference; lastKnownFileType = wrapper.xcdatamodel; path = Projekt.xcdatamodel; sourceTree = "<group>"; };
		423480C92A3847BB00F566BF /* About.swift */ = {isa = PBXFileReference; lastKnownFileType = sourcecode.swift; path = About.swift; sourceTree = "<group>"; };
		423480CB2A3847DA00F566BF /* Koszyk.swift */ = {isa = PBXFileReference; lastKnownFileType = sourcecode.swift; path = Koszyk.swift; sourceTree = "<group>"; };
		423480E52A384DC400F566BF /* Smak+CoreDataClass.swift */ = {isa = PBXFileReference; lastKnownFileType = sourcecode.swift; path = "Smak+CoreDataClass.swift"; sourceTree = "<group>"; };
		423480E62A384DC400F566BF /* Smak+CoreDataProperties.swift */ = {isa = PBXFileReference; lastKnownFileType = sourcecode.swift; path = "Smak+CoreDataProperties.swift"; sourceTree = "<group>"; };
/* End PBXFileReference section */

/* Begin PBXFrameworksBuildPhase section */
		423480AA2A3846C600F566BF /* Frameworks */ = {
			isa = PBXFrameworksBuildPhase;
			buildActionMask = 2147483647;
			files = (
			);
			runOnlyForDeploymentPostprocessing = 0;
		};
/* End PBXFrameworksBuildPhase section */

/* Begin PBXGroup section */
		423480A42A3846C600F566BF = {
			isa = PBXGroup;
			children = (
				423480AF2A3846C600F566BF /* Projekt */,
				423480AE2A3846C600F566BF /* Products */,
			);
			sourceTree = "<group>";
		};
		423480AE2A3846C600F566BF /* Products */ = {
			isa = PBXGroup;
			children = (
				423480AD2A3846C600F566BF /* Projekt.app */,
			);
			name = Products;
			sourceTree = "<group>";
		};
		423480AF2A3846C600F566BF /* Projekt */ = {
			isa = PBXGroup;
			children = (
				423480E52A384DC400F566BF /* Smak+CoreDataClass.swift */,
				423480E62A384DC400F566BF /* Smak+CoreDataProperties.swift */,
				423480B02A3846C600F566BF /* ProjektApp.swift */,
				423480B22A3846C600F566BF /* ContentView.swift */,
				423480B42A3846C700F566BF /* Assets.xcassets */,
				423480B92A3846C700F566BF /* Persistence.swift */,
				423480BB2A3846C700F566BF /* Projekt.xcdatamodeld */,
				423480B62A3846C700F566BF /* Preview Content */,
				423480C92A3847BB00F566BF /* About.swift */,
				423480CB2A3847DA00F566BF /* Koszyk.swift */,
			);
			path = Projekt;
			sourceTree = "<group>";
		};
		423480B62A3846C700F566BF /* Preview Content */ = {
			isa = PBXGroup;
			children = (
				423480B72A3846C700F566BF /* Preview Assets.xcassets */,
			);
			path = "Preview Content";
			sourceTree = "<group>";
		};
/* End PBXGroup section */

/* Begin PBXNativeTarget section */
		423480AC2A3846C600F566BF /* Projekt */ = {
			isa = PBXNativeTarget;
			buildConfigurationList = 423480C02A3846C700F566BF /* Build configuration list for PBXNativeTarget "Projekt" */;
			buildPhases = (
				423480A92A3846C600F566BF /* Sources */,
				423480AA2A3846C600F566BF /* Frameworks */,
				423480AB2A3846C600F566BF /* Resources */,
			);
			buildRules = (
			);
			dependencies = (
			);
			name = Projekt;
			productName = Projekt;
			productReference = 423480AD2A3846C600F566BF /* Projekt.app */;
			productType = "com.apple.product-type.application";
		};
/* End PBXNativeTarget section */

/* Begin PBXProject section */
		423480A52A3846C600F566BF /* Project object */ = {
			isa = PBXProject;
			attributes = {
				BuildIndependentTargetsInParallel = 1;
				LastSwiftUpdateCheck = 1430;
				LastUpgradeCheck = 1430;
				TargetAttributes = {
					423480AC2A3846C600F566BF = {
						CreatedOnToolsVersion = 14.3;
					};
				};
			};
			buildConfigurationList = 423480A82A3846C600F566BF /* Build configuration list for PBXProject "Projekt" */;
			compatibilityVersion = "Xcode 14.0";
			developmentRegion = en;
			hasScannedForEncodings = 0;
			knownRegions = (
				en,
				Base,
			);
			mainGroup = 423480A42A3846C600F566BF;
			productRefGroup = 423480AE2A3846C600F566BF /* Products */;
			projectDirPath = "";
			projectRoot = "";
			targets = (
				423480AC2A3846C600F566BF /* Projekt */,
			);
		};
/* End PBXProject section */

/* Begin PBXResourcesBuildPhase section */
		423480AB2A3846C600F566BF /* Resources */ = {
			isa = PBXResourcesBuildPhase;
			buildActionMask = 2147483647;
			files = (
				423480B82A3846C700F566BF /* Preview Assets.xcassets in Resources */,
				423480B52A3846C700F566BF /* Assets.xcassets in Resources */,
			);
			runOnlyForDeploymentPostprocessing = 0;
		};
/* End PBXResourcesBuildPhase section */

/* Begin PBXSourcesBuildPhase section */
		423480A92A3846C600F566BF /* Sources */ = {
			isa = PBXSourcesBuildPhase;
			buildActionMask = 2147483647;
			files = (
				423480CA2A3847BB00F566BF /* About.swift in Sources */,
				423480BA2A3846C700F566BF /* Persistence.swift in Sources */,
				423480B32A3846C600F566BF /* ContentView.swift in Sources */,
				423480E72A384DC400F566BF /* Smak+CoreDataClass.swift in Sources */,
				423480B12A3846C600F566BF /* ProjektApp.swift in Sources */,
				423480CC2A3847DA00F566BF /* Koszyk.swift in Sources */,
				423480BD2A3846C700F566BF /* Projekt.xcdatamodeld in Sources */,
				423480E82A384DC400F566BF /* Smak+CoreDataProperties.swift in Sources */,
			);
			runOnlyForDeploymentPostprocessing = 0;
		};
/* End PBXSourcesBuildPhase section */

/* Begin XCBuildConfiguration section */
		423480BE2A3846C700F566BF /* Debug */ = {
			isa = XCBuildConfiguration;
			buildSettings = {
				ALWAYS_SEARCH_USER_PATHS = NO;
				CLANG_ANALYZER_NONNULL = YES;
				CLANG_ANALYZER_NUMBER_OBJECT_CONVERSION = YES_AGGRESSIVE;
				CLANG_CXX_LANGUAGE_STANDARD = "gnu++20";
				CLANG_ENABLE_MODULES = YES;
				CLANG_ENABLE_OBJC_ARC = YES;
				CLANG_ENABLE_OBJC_WEAK = YES;
				CLANG_WARN_BLOCK_CAPTURE_AUTORELEASING = YES;
				CLANG_WARN_BOOL_CONVERSION = YES;
				CLANG_WARN_COMMA = YES;
				CLANG_WARN_CONSTANT_CONVERSION = YES;
				CLANG_WARN_DEPRECATED_OBJC_IMPLEMENTATIONS = YES;
				CLANG_WARN_DIRECT_OBJC_ISA_USAGE = YES_ERROR;
				CLANG_WARN_DOCUMENTATION_COMMENTS = YES;
				CLANG_WARN_EMPTY_BODY = YES;
				CLANG_WARN_ENUM_CONVERSION = YES;
				CLANG_WARN_INFINITE_RECURSION = YES;
				CLANG_WARN_INT_CONVERSION = YES;
				CLANG_WARN_NON_LITERAL_NULL_CONVERSION = YES;
				CLANG_WARN_OBJC_IMPLICIT_RETAIN_SELF = YES;
				CLANG_WARN_OBJC_LITERAL_CONVERSION = YES;
				CLANG_WARN_OBJC_ROOT_CLASS = YES_ERROR;
				CLANG_WARN_QUOTED_INCLUDE_IN_FRAMEWORK_HEADER = YES;
				CLANG_WARN_RANGE_LOOP_ANALYSIS = YES;
				CLANG_WARN_STRICT_PROTOTYPES = YES;
				CLANG_WARN_SUSPICIOUS_MOVE = YES;
				CLANG_WARN_UNGUARDED_AVAILABILITY = YES_AGGRESSIVE;
				CLANG_WARN_UNREACHABLE_CODE = YES;
				CLANG_WARN__DUPLICATE_METHOD_MATCH = YES;
				COPY_PHASE_STRIP = NO;
				DEBUG_INFORMATION_FORMAT = dwarf;
				ENABLE_STRICT_OBJC_MSGSEND = YES;
				ENABLE_TESTABILITY = YES;
				GCC_C_LANGUAGE_STANDARD = gnu11;
				GCC_DYNAMIC_NO_PIC = NO;
				GCC_NO_COMMON_BLOCKS = YES;
				GCC_OPTIMIZATION_LEVEL = 0;
				GCC_PREPROCESSOR_DEFINITIONS = (
					"DEBUG=1",
					"$(inherited)",
				);
				GCC_WARN_64_TO_32_BIT_CONVERSION = YES;
				GCC_WARN_ABOUT_RETURN_TYPE = YES_ERROR;
				GCC_WARN_UNDECLARED_SELECTOR = YES;
				GCC_WARN_UNINITIALIZED_AUTOS = YES_AGGRESSIVE;
				GCC_WARN_UNUSED_FUNCTION = YES;
				GCC_WARN_UNUSED_VARIABLE = YES;
				IPHONEOS_DEPLOYMENT_TARGET = 16.4;
				MTL_ENABLE_DEBUG_INFO = INCLUDE_SOURCE;
				MTL_FAST_MATH = YES;
				ONLY_ACTIVE_ARCH = YES;
				SDKROOT = iphoneos;
				SWIFT_ACTIVE_COMPILATION_CONDITIONS = DEBUG;
				SWIFT_OPTIMIZATION_LEVEL = "-Onone";
			};
			name = Debug;
		};
		423480BF2A3846C700F566BF /* Release */ = {
			isa = XCBuildConfiguration;
			buildSettings = {
				ALWAYS_SEARCH_USER_PATHS = NO;
				CLANG_ANALYZER_NONNULL = YES;
				CLANG_ANALYZER_NUMBER_OBJECT_CONVERSION = YES_AGGRESSIVE;
				CLANG_CXX_LANGUAGE_STANDARD = "gnu++20";
				CLANG_ENABLE_MODULES = YES;
				CLANG_ENABLE_OBJC_ARC = YES;
				CLANG_ENABLE_OBJC_WEAK = YES;
				CLANG_WARN_BLOCK_CAPTURE_AUTORELEASING = YES;
				CLANG_WARN_BOOL_CONVERSION = YES;
				CLANG_WARN_COMMA = YES;
				CLANG_WARN_CONSTANT_CONVERSION = YES;
				CLANG_WARN_DEPRECATED_OBJC_IMPLEMENTATIONS = YES;
				CLANG_WARN_DIRECT_OBJC_ISA_USAGE = YES_ERROR;
				CLANG_WARN_DOCUMENTATION_COMMENTS = YES;
				CLANG_WARN_EMPTY_BODY = YES;
				CLANG_WARN_ENUM_CONVERSION = YES;
				CLANG_WARN_INFINITE_RECURSION = YES;
				CLANG_WARN_INT_CONVERSION = YES;
				CLANG_WARN_NON_LITERAL_NULL_CONVERSION = YES;
				CLANG_WARN_OBJC_IMPLICIT_RETAIN_SELF = YES;
				CLANG_WARN_OBJC_LITERAL_CONVERSION = YES;
				CLANG_WARN_OBJC_ROOT_CLASS = YES_ERROR;
				CLANG_WARN_QUOTED_INCLUDE_IN_FRAMEWORK_HEADER = YES;
				CLANG_WARN_RANGE_LOOP_ANALYSIS = YES;
				CLANG_WARN_STRICT_PROTOTYPES = YES;
				CLANG_WARN_SUSPICIOUS_MOVE = YES;
				CLANG_WARN_UNGUARDED_AVAILABILITY = YES_AGGRESSIVE;
				CLANG_WARN_UNREACHABLE_CODE = YES;
				CLANG_WARN__DUPLICATE_METHOD_MATCH = YES;
				COPY_PHASE_STRIP = NO;
				DEBUG_INFORMATION_FORMAT = "dwarf-with-dsym";
				ENABLE_NS_ASSERTIONS = NO;
				ENABLE_STRICT_OBJC_MSGSEND = YES;
				GCC_C_LANGUAGE_STANDARD = gnu11;
				GCC_NO_COMMON_BLOCKS = YES;
				GCC_WARN_64_TO_32_BIT_CONVERSION = YES;
				GCC_WARN_ABOUT_RETURN_TYPE = YES_ERROR;
				GCC_WARN_UNDECLARED_SELECTOR = YES;
				GCC_WARN_UNINITIALIZED_AUTOS = YES_AGGRESSIVE;
				GCC_WARN_UNUSED_FUNCTION = YES;
				GCC_WARN_UNUSED_VARIABLE = YES;
				IPHONEOS_DEPLOYMENT_TARGET = 16.4;
				MTL_ENABLE_DEBUG_INFO = NO;
				MTL_FAST_MATH = YES;
				SDKROOT = iphoneos;
				SWIFT_COMPILATION_MODE = wholemodule;
				SWIFT_OPTIMIZATION_LEVEL = "-O";
				VALIDATE_PRODUCT = YES;
			};
			name = Release;
		};
		423480C12A3846C700F566BF /* Debug */ = {
			isa = XCBuildConfiguration;
			buildSettings = {
				ASSETCATALOG_COMPILER_APPICON_NAME = AppIcon;
				ASSETCATALOG_COMPILER_GLOBAL_ACCENT_COLOR_NAME = AccentColor;
				CODE_SIGN_STYLE = Automatic;
				CURRENT_PROJECT_VERSION = 1;
				DEVELOPMENT_ASSET_PATHS = "\"Projekt/Preview Content\"";
				ENABLE_PREVIEWS = YES;
				GENERATE_INFOPLIST_FILE = YES;
				INFOPLIST_KEY_UIApplicationSceneManifest_Generation = YES;
				INFOPLIST_KEY_UIApplicationSupportsIndirectInputEvents = YES;
				INFOPLIST_KEY_UILaunchScreen_Generation = YES;
				INFOPLIST_KEY_UISupportedInterfaceOrientations_iPad = "UIInterfaceOrientationPortrait UIInterfaceOrientationPortraitUpsideDown UIInterfaceOrientationLandscapeLeft UIInterfaceOrientationLandscapeRight";
				INFOPLIST_KEY_UISupportedInterfaceOrientations_iPhone = "UIInterfaceOrientationPortrait UIInterfaceOrientationLandscapeLeft UIInterfaceOrientationLandscapeRight";
				LD_RUNPATH_SEARCH_PATHS = (
					"$(inherited)",
					"@executable_path/Frameworks",
				);
				MARKETING_VERSION = 1.0;
				PRODUCT_BUNDLE_IDENTIFIER = m.Projekt;
				PRODUCT_NAME = "$(TARGET_NAME)";
				SWIFT_EMIT_LOC_STRINGS = YES;
				SWIFT_VERSION = 5.0;
				TARGETED_DEVICE_FAMILY = "1,2";
			};
			name = Debug;
		};
		423480C22A3846C700F566BF /* Release */ = {
			isa = XCBuildConfiguration;
			buildSettings = {
				ASSETCATALOG_COMPILER_APPICON_NAME = AppIcon;
				ASSETCATALOG_COMPILER_GLOBAL_ACCENT_COLOR_NAME = AccentColor;
				CODE_SIGN_STYLE = Automatic;
				CURRENT_PROJECT_VERSION = 1;
				DEVELOPMENT_ASSET_PATHS = "\"Projekt/Preview Content\"";
				ENABLE_PREVIEWS = YES;
				GENERATE_INFOPLIST_FILE = YES;
				INFOPLIST_KEY_UIApplicationSceneManifest_Generation = YES;
				INFOPLIST_KEY_UIApplicationSupportsIndirectInputEvents = YES;
				INFOPLIST_KEY_UILaunchScreen_Generation = YES;
				INFOPLIST_KEY_UISupportedInterfaceOrientations_iPad = "UIInterfaceOrientationPortrait UIInterfaceOrientationPortraitUpsideDown UIInterfaceOrientationLandscapeLeft UIInterfaceOrientationLandscapeRight";
				INFOPLIST_KEY_UISupportedInterfaceOrientations_iPhone = "UIInterfaceOrientationPortrait UIInterfaceOrientationLandscapeLeft UIInterfaceOrientationLandscapeRight";
				LD_RUNPATH_SEARCH_PATHS = (
					"$(inherited)",
					"@executable_path/Frameworks",
				);
				MARKETING_VERSION = 1.0;
				PRODUCT_BUNDLE_IDENTIFIER = m.Projekt;
				PRODUCT_NAME = "$(TARGET_NAME)";
				SWIFT_EMIT_LOC_STRINGS = YES;
				SWIFT_VERSION = 5.0;
				TARGETED_DEVICE_FAMILY = "1,2";
			};
			name = Release;
		};
/* End XCBuildConfiguration section */

/* Begin XCConfigurationList section */
		423480A82A3846C600F566BF /* Build configuration list for PBXProject "Projekt" */ = {
			isa = XCConfigurationList;
			buildConfigurations = (
				423480BE2A3846C700F566BF /* Debug */,
				423480BF2A3846C700F566BF /* Release */,
			);
			defaultConfigurationIsVisible = 0;
			defaultConfigurationName = Release;
		};
		423480C02A3846C700F566BF /* Build configuration list for PBXNativeTarget "Projekt" */ = {
			isa = XCConfigurationList;
			buildConfigurations = (
				423480C12A3846C700F566BF /* Debug */,
				423480C22A3846C700F566BF /* Release */,
			);
			defaultConfigurationIsVisible = 0;
			defaultConfigurationName = Release;
		};
/* End XCConfigurationList section */

/* Begin XCVersionGroup section */
		423480BB2A3846C700F566BF /* Projekt.xcdatamodeld */ = {
			isa = XCVersionGroup;
			children = (
				423480BC2A3846C700F566BF /* Projekt.xcdatamodel */,
			);
			currentVersion = 423480BC2A3846C700F566BF /* Projekt.xcdatamodel */;
			path = Projekt.xcdatamodeld;
			sourceTree = "<group>";
			versionGroupType = wrapper.xcdatamodel;
		};
/* End XCVersionGroup section */
	};
	rootObject = 423480A52A3846C600F566BF /* Project object */;
}
